// !$*UTF8*$!
{
	archiveVersion = 1;
	classes = {
	};
	objectVersion = 50;
	objects = {

/* Begin PBXBuildFile section */
		183F67A8214A33C100D3EC63 /* AppDelegate.m in Sources */ = {isa = PBXBuildFile; fileRef = 183F67A7214A33C100D3EC63 /* AppDelegate.m */; };
		183F67AB214A33C100D3EC63 /* ViewController.m in Sources */ = {isa = PBXBuildFile; fileRef = 183F67AA214A33C100D3EC63 /* ViewController.m */; };
		183F67AE214A33C100D3EC63 /* Main.storyboard in Resources */ = {isa = PBXBuildFile; fileRef = 183F67AC214A33C100D3EC63 /* Main.storyboard */; };
		183F67B0214A33C300D3EC63 /* Assets.xcassets in Resources */ = {isa = PBXBuildFile; fileRef = 183F67AF214A33C300D3EC63 /* Assets.xcassets */; };
		183F67B3214A33C300D3EC63 /* LaunchScreen.storyboard in Resources */ = {isa = PBXBuildFile; fileRef = 183F67B1214A33C300D3EC63 /* LaunchScreen.storyboard */; };
		183F67B6214A33C300D3EC63 /* main.m in Sources */ = {isa = PBXBuildFile; fileRef = 183F67B5214A33C300D3EC63 /* main.m */; };
		183F67C0214A33C400D3EC63 /* iOSDesignPatternsTests.m in Sources */ = {isa = PBXBuildFile; fileRef = 183F67BF214A33C400D3EC63 /* iOSDesignPatternsTests.m */; };
		183F67CB214A33C400D3EC63 /* iOSDesignPatternsUITests.m in Sources */ = {isa = PBXBuildFile; fileRef = 183F67CA214A33C400D3EC63 /* iOSDesignPatternsUITests.m */; };
		183F67EB214A491A00D3EC63 /* FactoryMethodViewController.m in Sources */ = {isa = PBXBuildFile; fileRef = 183F67EA214A491A00D3EC63 /* FactoryMethodViewController.m */; };
		183F67EE214A494100D3EC63 /* AbstractFactoryViewController.m in Sources */ = {isa = PBXBuildFile; fileRef = 183F67ED214A494100D3EC63 /* AbstractFactoryViewController.m */; };
		183F67F1214A496700D3EC63 /* SingletonViewController.m in Sources */ = {isa = PBXBuildFile; fileRef = 183F67F0214A496700D3EC63 /* SingletonViewController.m */; };
		183F67F4214A497F00D3EC63 /* BuilderViewController.m in Sources */ = {isa = PBXBuildFile; fileRef = 183F67F3214A497F00D3EC63 /* BuilderViewController.m */; };
		183F67F7214A499500D3EC63 /* PrototypeViewController.m in Sources */ = {isa = PBXBuildFile; fileRef = 183F67F6214A499500D3EC63 /* PrototypeViewController.m */; };
		183F67FA214A4A2D00D3EC63 /* AdapterViewController.m in Sources */ = {isa = PBXBuildFile; fileRef = 183F67F9214A4A2D00D3EC63 /* AdapterViewController.m */; };
		183F67FD214A4A5000D3EC63 /* DecratorViewController.m in Sources */ = {isa = PBXBuildFile; fileRef = 183F67FC214A4A5000D3EC63 /* DecratorViewController.m */; };
		183F6800214A4A6C00D3EC63 /* ProxyViewController.m in Sources */ = {isa = PBXBuildFile; fileRef = 183F67FF214A4A6C00D3EC63 /* ProxyViewController.m */; };
		183F6803214A4A9B00D3EC63 /* FacadeViewController.m in Sources */ = {isa = PBXBuildFile; fileRef = 183F6802214A4A9B00D3EC63 /* FacadeViewController.m */; };
		183F6806214A4AD100D3EC63 /* BridgeViewController.m in Sources */ = {isa = PBXBuildFile; fileRef = 183F6805214A4AD100D3EC63 /* BridgeViewController.m */; };
		183F6809214A4B0300D3EC63 /* CompositeViewController.m in Sources */ = {isa = PBXBuildFile; fileRef = 183F6808214A4B0300D3EC63 /* CompositeViewController.m */; };
		183F680C214A4B3C00D3EC63 /* FlyweightViewController.m in Sources */ = {isa = PBXBuildFile; fileRef = 183F680B214A4B3C00D3EC63 /* FlyweightViewController.m */; };
		183F6819214A4BBE00D3EC63 /* StrategyViewController.m in Sources */ = {isa = PBXBuildFile; fileRef = 183F6818214A4BBE00D3EC63 /* StrategyViewController.m */; };
		183F681C214A4BE100D3EC63 /* TemplateMethodViewController.m in Sources */ = {isa = PBXBuildFile; fileRef = 183F681B214A4BE100D3EC63 /* TemplateMethodViewController.m */; };
		183F681F214A4C1A00D3EC63 /* ObserverViewController.m in Sources */ = {isa = PBXBuildFile; fileRef = 183F681E214A4C1A00D3EC63 /* ObserverViewController.m */; };
		183F6822214A4C3800D3EC63 /* IteratorViewController.m in Sources */ = {isa = PBXBuildFile; fileRef = 183F6821214A4C3800D3EC63 /* IteratorViewController.m */; };
		183F6828214A4C7B00D3EC63 /* ChainOfResponsibilityViewController.m in Sources */ = {isa = PBXBuildFile; fileRef = 183F6827214A4C7B00D3EC63 /* ChainOfResponsibilityViewController.m */; };
		183F682B214A4C9A00D3EC63 /* CommandViewController.m in Sources */ = {isa = PBXBuildFile; fileRef = 183F682A214A4C9A00D3EC63 /* CommandViewController.m */; };
		183F682E214A4CB900D3EC63 /* MementoViewController.m in Sources */ = {isa = PBXBuildFile; fileRef = 183F682D214A4CB900D3EC63 /* MementoViewController.m */; };
		183F6831214A4CD900D3EC63 /* StateViewController.m in Sources */ = {isa = PBXBuildFile; fileRef = 183F6830214A4CD900D3EC63 /* StateViewController.m */; };
		183F6834214A4CF500D3EC63 /* VisitorViewController.m in Sources */ = {isa = PBXBuildFile; fileRef = 183F6833214A4CF500D3EC63 /* VisitorViewController.m */; };
		183F6837214A4D1E00D3EC63 /* MediatorViewController.m in Sources */ = {isa = PBXBuildFile; fileRef = 183F6836214A4D1E00D3EC63 /* MediatorViewController.m */; };
		183F683B214A4D6200D3EC63 /* InterpreterViewController.m in Sources */ = {isa = PBXBuildFile; fileRef = 183F683A214A4D6200D3EC63 /* InterpreterViewController.m */; };
		183F6847214A680700D3EC63 /* ChinaFlag.m in Sources */ = {isa = PBXBuildFile; fileRef = 183F6846214A680700D3EC63 /* ChinaFlag.m */; };
		183F684A214A682000D3EC63 /* AmericanFlag.m in Sources */ = {isa = PBXBuildFile; fileRef = 183F6849214A682000D3EC63 /* AmericanFlag.m */; };
		183F684D214A694700D3EC63 /* ChinaFlagFactory.m in Sources */ = {isa = PBXBuildFile; fileRef = 183F684C214A694700D3EC63 /* ChinaFlagFactory.m */; };
		183F6850214A695E00D3EC63 /* AmericanFlagFactory.m in Sources */ = {isa = PBXBuildFile; fileRef = 183F684F214A695E00D3EC63 /* AmericanFlagFactory.m */; };
		183F6854214A71EF00D3EC63 /* Flag.m in Sources */ = {isa = PBXBuildFile; fileRef = 183F6853214A71EF00D3EC63 /* Flag.m */; };
		183F6857214B4EF100D3EC63 /* ApplePhone.m in Sources */ = {isa = PBXBuildFile; fileRef = 183F6856214B4EF100D3EC63 /* ApplePhone.m */; };
		183F685A214B4F0600D3EC63 /* HuaweiPhone.m in Sources */ = {isa = PBXBuildFile; fileRef = 183F6859214B4F0600D3EC63 /* HuaweiPhone.m */; };
		183F6868214B50B100D3EC63 /* HuaweiFactory.m in Sources */ = {isa = PBXBuildFile; fileRef = 183F6867214B50B100D3EC63 /* HuaweiFactory.m */; };
		183F686B214B50CB00D3EC63 /* AppleFactory.m in Sources */ = {isa = PBXBuildFile; fileRef = 183F686A214B50CB00D3EC63 /* AppleFactory.m */; };
		183F6870214B514F00D3EC63 /* HuaweiBattery.m in Sources */ = {isa = PBXBuildFile; fileRef = 183F686F214B514F00D3EC63 /* HuaweiBattery.m */; };
		183F6873214B516200D3EC63 /* AppleBattery.m in Sources */ = {isa = PBXBuildFile; fileRef = 183F6872214B516200D3EC63 /* AppleBattery.m */; };
		183F6892214B8CBC00D3EC63 /* Wine.m in Sources */ = {isa = PBXBuildFile; fileRef = 183F6891214B8CBC00D3EC63 /* Wine.m */; };
		183F6895214B8D8400D3EC63 /* Whisky.m in Sources */ = {isa = PBXBuildFile; fileRef = 183F6894214B8D8400D3EC63 /* Whisky.m */; };
		183F6898214B8DB300D3EC63 /* Brandy.m in Sources */ = {isa = PBXBuildFile; fileRef = 183F6897214B8DB300D3EC63 /* Brandy.m */; };
		183F689C214B8DF800D3EC63 /* SellWine.m in Sources */ = {isa = PBXBuildFile; fileRef = 183F689B214B8DF800D3EC63 /* SellWine.m */; };
		183F689F214B985100D3EC63 /* Person.m in Sources */ = {isa = PBXBuildFile; fileRef = 183F689E214B985100D3EC63 /* Person.m */; };
		183F68A3214BA44300D3EC63 /* Human.m in Sources */ = {isa = PBXBuildFile; fileRef = 183F68A2214BA44300D3EC63 /* Human.m */; };
		183F6933214CFFC700D3EC63 /* BaseAdapter.m in Sources */ = {isa = PBXBuildFile; fileRef = 183F6932214CFFC700D3EC63 /* BaseAdapter.m */; };
		183F6936214D004000D3EC63 /* Adapter.m in Sources */ = {isa = PBXBuildFile; fileRef = 183F6935214D004000D3EC63 /* Adapter.m */; };
		183F693A214D01A300D3EC63 /* BaseTableViewDataSource.m in Sources */ = {isa = PBXBuildFile; fileRef = 183F6939214D01A300D3EC63 /* BaseTableViewDataSource.m */; };
		183F693D214D024800D3EC63 /* TableViewDataSource.m in Sources */ = {isa = PBXBuildFile; fileRef = 183F693C214D024800D3EC63 /* TableViewDataSource.m */; };
		183F6940214D0F1400D3EC63 /* StaticPhone.m in Sources */ = {isa = PBXBuildFile; fileRef = 183F693F214D0F1400D3EC63 /* StaticPhone.m */; };
		183F6944214D111500D3EC63 /* DecHuweiPhone.m in Sources */ = {isa = PBXBuildFile; fileRef = 183F6943214D111500D3EC63 /* DecHuweiPhone.m */; };
		183F6947214D112D00D3EC63 /* DecApplePhone.m in Sources */ = {isa = PBXBuildFile; fileRef = 183F6946214D112D00D3EC63 /* DecApplePhone.m */; };
		183F694A214D144700D3EC63 /* DecPhone.m in Sources */ = {isa = PBXBuildFile; fileRef = 183F6949214D144700D3EC63 /* DecPhone.m */; };
		183F694E214D467C00D3EC63 /* ProTeacher.m in Sources */ = {isa = PBXBuildFile; fileRef = 183F694D214D467C00D3EC63 /* ProTeacher.m */; };
		183F6952214D476C00D3EC63 /* ProTeacherA.m in Sources */ = {isa = PBXBuildFile; fileRef = 183F6951214D476C00D3EC63 /* ProTeacherA.m */; };
		183F6956214D50A900D3EC63 /* CookingManager.m in Sources */ = {isa = PBXBuildFile; fileRef = 183F6955214D50A900D3EC63 /* CookingManager.m */; };
		183F6959214D50CA00D3EC63 /* Tableware.m in Sources */ = {isa = PBXBuildFile; fileRef = 183F6958214D50CA00D3EC63 /* Tableware.m */; };
		183F695C214D50E300D3EC63 /* Food.m in Sources */ = {isa = PBXBuildFile; fileRef = 183F695B214D50E300D3EC63 /* Food.m */; };
		183F695F214D5B3300D3EC63 /* MilkTea.m in Sources */ = {isa = PBXBuildFile; fileRef = 183F695E214D5B3300D3EC63 /* MilkTea.m */; };
		183F6962214D5B7E00D3EC63 /* MilkTeaAdds.m in Sources */ = {isa = PBXBuildFile; fileRef = 183F6961214D5B7E00D3EC63 /* MilkTeaAdds.m */; };
		183F6966214D5C9700D3EC63 /* BigCupTea.m in Sources */ = {isa = PBXBuildFile; fileRef = 183F6965214D5C9700D3EC63 /* BigCupTea.m */; };
		183F6969214D5CBD00D3EC63 /* MediumCupTea.m in Sources */ = {isa = PBXBuildFile; fileRef = 183F6968214D5CBD00D3EC63 /* MediumCupTea.m */; };
		183F696C214D5CCF00D3EC63 /* SmallMilkTea.m in Sources */ = {isa = PBXBuildFile; fileRef = 183F696B214D5CCF00D3EC63 /* SmallMilkTea.m */; };
		183F6970214D5DAC00D3EC63 /* IceAdds.m in Sources */ = {isa = PBXBuildFile; fileRef = 183F696F214D5DAC00D3EC63 /* IceAdds.m */; };
		183F6973214D5DCF00D3EC63 /* SugarAdds.m in Sources */ = {isa = PBXBuildFile; fileRef = 183F6972214D5DCF00D3EC63 /* SugarAdds.m */; };
		183F6976214E861D00D3EC63 /* HumanSqliteDB.m in Sources */ = {isa = PBXBuildFile; fileRef = 183F6975214E861D00D3EC63 /* HumanSqliteDB.m */; };
		183F6979214E863600D3EC63 /* AnimalSqliteDB.m in Sources */ = {isa = PBXBuildFile; fileRef = 183F6978214E863600D3EC63 /* AnimalSqliteDB.m */; };
		183F697D214E8A9300D3EC63 /* JackDB.m in Sources */ = {isa = PBXBuildFile; fileRef = 183F697C214E8A9300D3EC63 /* JackDB.m */; };
		183F6980214E8AA000D3EC63 /* RoseDB.m in Sources */ = {isa = PBXBuildFile; fileRef = 183F697F214E8AA000D3EC63 /* RoseDB.m */; };
		183F6983214E95CF00D3EC63 /* Computer.m in Sources */ = {isa = PBXBuildFile; fileRef = 183F6982214E95CF00D3EC63 /* Computer.m */; };
		183F6987214E988700D3EC63 /* ComputerFactory.m in Sources */ = {isa = PBXBuildFile; fileRef = 183F6986214E988700D3EC63 /* ComputerFactory.m */; };
		183F698C214EA7C400D3EC63 /* DESEncryption.m in Sources */ = {isa = PBXBuildFile; fileRef = 183F698B214EA7C400D3EC63 /* DESEncryption.m */; };
		183F6990214EA82B00D3EC63 /* RSAEncryption.m in Sources */ = {isa = PBXBuildFile; fileRef = 183F698F214EA82B00D3EC63 /* RSAEncryption.m */; };
		183F6993214EB12300D3EC63 /* GetUpBed.m in Sources */ = {isa = PBXBuildFile; fileRef = 183F6992214EB12300D3EC63 /* GetUpBed.m */; };
		183F6996214EB29D00D3EC63 /* JackGetUpBed.m in Sources */ = {isa = PBXBuildFile; fileRef = 183F6995214EB29D00D3EC63 /* JackGetUpBed.m */; };
		183F6999214EB6F100D3EC63 /* DeliciousFood.m in Sources */ = {isa = PBXBuildFile; fileRef = 183F6998214EB6F100D3EC63 /* DeliciousFood.m */; };
		183F69A8214F3B6200D3EC63 /* SiteAggregrate.m in Sources */ = {isa = PBXBuildFile; fileRef = 183F69A7214F3B6200D3EC63 /* SiteAggregrate.m */; };
		183F69AC214F3F1900D3EC63 /* TicketIterator.m in Sources */ = {isa = PBXBuildFile; fileRef = 183F69AB214F3F1900D3EC63 /* TicketIterator.m */; };
		183F69B0214F403400D3EC63 /* StudentTicketIterator.m in Sources */ = {isa = PBXBuildFile; fileRef = 183F69AF214F403400D3EC63 /* StudentTicketIterator.m */; };
		183F69B3214F4AF100D3EC63 /* BaseChain.m in Sources */ = {isa = PBXBuildFile; fileRef = 183F69B2214F4AF100D3EC63 /* BaseChain.m */; };
		183F69B6214F4CC500D3EC63 /* JackChain.m in Sources */ = {isa = PBXBuildFile; fileRef = 183F69B5214F4CC500D3EC63 /* JackChain.m */; };
		183F69B9214F4CD400D3EC63 /* RoseChain.m in Sources */ = {isa = PBXBuildFile; fileRef = 183F69B8214F4CD400D3EC63 /* RoseChain.m */; };
		183F69BC214F547700D3EC63 /* FinalExpression.m in Sources */ = {isa = PBXBuildFile; fileRef = 183F69BB214F547700D3EC63 /* FinalExpression.m */; };
		183F69BF214F548400D3EC63 /* NotFinalExpression.m in Sources */ = {isa = PBXBuildFile; fileRef = 183F69BE214F548400D3EC63 /* NotFinalExpression.m */; };
		183F69C2214F549400D3EC63 /* Context.m in Sources */ = {isa = PBXBuildFile; fileRef = 183F69C1214F549400D3EC63 /* Context.m */; };
		183F69C9214F857A00D3EC63 /* DynamicCommand.m in Sources */ = {isa = PBXBuildFile; fileRef = 183F69C8214F857A00D3EC63 /* DynamicCommand.m */; };
		183F69CC214F85A700D3EC63 /* CommandInvoker.m in Sources */ = {isa = PBXBuildFile; fileRef = 183F69CB214F85A700D3EC63 /* CommandInvoker.m */; };
		183F69CF214F85C400D3EC63 /* CommandReceiver.m in Sources */ = {isa = PBXBuildFile; fileRef = 183F69CE214F85C400D3EC63 /* CommandReceiver.m */; };
		183F69D3214F8EB100D3EC63 /* MementoRole.m in Sources */ = {isa = PBXBuildFile; fileRef = 183F69D2214F8EB100D3EC63 /* MementoRole.m */; };
		183F69D6214F8F8B00D3EC63 /* MementoStore.m in Sources */ = {isa = PBXBuildFile; fileRef = 183F69D5214F8F8B00D3EC63 /* MementoStore.m */; };
		183F69D9214F903300D3EC63 /* MementoOriginator.m in Sources */ = {isa = PBXBuildFile; fileRef = 183F69D8214F903300D3EC63 /* MementoOriginator.m */; };
/* End PBXBuildFile section */

/* Begin PBXContainerItemProxy section */
		183F67BC214A33C400D3EC63 /* PBXContainerItemProxy */ = {
			isa = PBXContainerItemProxy;
			containerPortal = 183F679B214A33C100D3EC63 /* Project object */;
			proxyType = 1;
			remoteGlobalIDString = 183F67A2214A33C100D3EC63;
			remoteInfo = iOSDesignPatterns;
		};
		183F67C7214A33C400D3EC63 /* PBXContainerItemProxy */ = {
			isa = PBXContainerItemProxy;
			containerPortal = 183F679B214A33C100D3EC63 /* Project object */;
			proxyType = 1;
			remoteGlobalIDString = 183F67A2214A33C100D3EC63;
			remoteInfo = iOSDesignPatterns;
		};
/* End PBXContainerItemProxy section */

/* Begin PBXFileReference section */
		183F67A3214A33C100D3EC63 /* iOSDesignPatterns.app */ = {isa = PBXFileReference; explicitFileType = wrapper.application; includeInIndex = 0; path = iOSDesignPatterns.app; sourceTree = BUILT_PRODUCTS_DIR; };
		183F67A6214A33C100D3EC63 /* AppDelegate.h */ = {isa = PBXFileReference; lastKnownFileType = sourcecode.c.h; path = AppDelegate.h; sourceTree = "<group>"; };
		183F67A7214A33C100D3EC63 /* AppDelegate.m */ = {isa = PBXFileReference; lastKnownFileType = sourcecode.c.objc; path = AppDelegate.m; sourceTree = "<group>"; };
		183F67A9214A33C100D3EC63 /* ViewController.h */ = {isa = PBXFileReference; lastKnownFileType = sourcecode.c.h; path = ViewController.h; sourceTree = "<group>"; };
		183F67AA214A33C100D3EC63 /* ViewController.m */ = {isa = PBXFileReference; lastKnownFileType = sourcecode.c.objc; path = ViewController.m; sourceTree = "<group>"; };
		183F67AD214A33C100D3EC63 /* Base */ = {isa = PBXFileReference; lastKnownFileType = file.storyboard; name = Base; path = Base.lproj/Main.storyboard; sourceTree = "<group>"; };
		183F67AF214A33C300D3EC63 /* Assets.xcassets */ = {isa = PBXFileReference; lastKnownFileType = folder.assetcatalog; path = Assets.xcassets; sourceTree = "<group>"; };
		183F67B2214A33C300D3EC63 /* Base */ = {isa = PBXFileReference; lastKnownFileType = file.storyboard; name = Base; path = Base.lproj/LaunchScreen.storyboard; sourceTree = "<group>"; };
		183F67B4214A33C300D3EC63 /* Info.plist */ = {isa = PBXFileReference; lastKnownFileType = text.plist.xml; path = Info.plist; sourceTree = "<group>"; };
		183F67B5214A33C300D3EC63 /* main.m */ = {isa = PBXFileReference; lastKnownFileType = sourcecode.c.objc; path = main.m; sourceTree = "<group>"; };
		183F67BB214A33C400D3EC63 /* iOSDesignPatternsTests.xctest */ = {isa = PBXFileReference; explicitFileType = wrapper.cfbundle; includeInIndex = 0; path = iOSDesignPatternsTests.xctest; sourceTree = BUILT_PRODUCTS_DIR; };
		183F67BF214A33C400D3EC63 /* iOSDesignPatternsTests.m */ = {isa = PBXFileReference; lastKnownFileType = sourcecode.c.objc; path = iOSDesignPatternsTests.m; sourceTree = "<group>"; };
		183F67C1214A33C400D3EC63 /* Info.plist */ = {isa = PBXFileReference; lastKnownFileType = text.plist.xml; path = Info.plist; sourceTree = "<group>"; };
		183F67C6214A33C400D3EC63 /* iOSDesignPatternsUITests.xctest */ = {isa = PBXFileReference; explicitFileType = wrapper.cfbundle; includeInIndex = 0; path = iOSDesignPatternsUITests.xctest; sourceTree = BUILT_PRODUCTS_DIR; };
		183F67CA214A33C400D3EC63 /* iOSDesignPatternsUITests.m */ = {isa = PBXFileReference; lastKnownFileType = sourcecode.c.objc; path = iOSDesignPatternsUITests.m; sourceTree = "<group>"; };
		183F67CC214A33C400D3EC63 /* Info.plist */ = {isa = PBXFileReference; lastKnownFileType = text.plist.xml; path = Info.plist; sourceTree = "<group>"; };
		183F67E9214A491A00D3EC63 /* FactoryMethodViewController.h */ = {isa = PBXFileReference; lastKnownFileType = sourcecode.c.h; path = FactoryMethodViewController.h; sourceTree = "<group>"; };
		183F67EA214A491A00D3EC63 /* FactoryMethodViewController.m */ = {isa = PBXFileReference; lastKnownFileType = sourcecode.c.objc; path = FactoryMethodViewController.m; sourceTree = "<group>"; };
		183F67EC214A494100D3EC63 /* AbstractFactoryViewController.h */ = {isa = PBXFileReference; lastKnownFileType = sourcecode.c.h; path = AbstractFactoryViewController.h; sourceTree = "<group>"; };
		183F67ED214A494100D3EC63 /* AbstractFactoryViewController.m */ = {isa = PBXFileReference; lastKnownFileType = sourcecode.c.objc; path = AbstractFactoryViewController.m; sourceTree = "<group>"; };
		183F67EF214A496700D3EC63 /* SingletonViewController.h */ = {isa = PBXFileReference; lastKnownFileType = sourcecode.c.h; path = SingletonViewController.h; sourceTree = "<group>"; };
		183F67F0214A496700D3EC63 /* SingletonViewController.m */ = {isa = PBXFileReference; lastKnownFileType = sourcecode.c.objc; path = SingletonViewController.m; sourceTree = "<group>"; };
		183F67F2214A497F00D3EC63 /* BuilderViewController.h */ = {isa = PBXFileReference; lastKnownFileType = sourcecode.c.h; path = BuilderViewController.h; sourceTree = "<group>"; };
		183F67F3214A497F00D3EC63 /* BuilderViewController.m */ = {isa = PBXFileReference; lastKnownFileType = sourcecode.c.objc; path = BuilderViewController.m; sourceTree = "<group>"; };
		183F67F5214A499500D3EC63 /* PrototypeViewController.h */ = {isa = PBXFileReference; lastKnownFileType = sourcecode.c.h; path = PrototypeViewController.h; sourceTree = "<group>"; };
		183F67F6214A499500D3EC63 /* PrototypeViewController.m */ = {isa = PBXFileReference; lastKnownFileType = sourcecode.c.objc; path = PrototypeViewController.m; sourceTree = "<group>"; };
		183F67F8214A4A2D00D3EC63 /* AdapterViewController.h */ = {isa = PBXFileReference; lastKnownFileType = sourcecode.c.h; path = AdapterViewController.h; sourceTree = "<group>"; };
		183F67F9214A4A2D00D3EC63 /* AdapterViewController.m */ = {isa = PBXFileReference; lastKnownFileType = sourcecode.c.objc; path = AdapterViewController.m; sourceTree = "<group>"; };
		183F67FB214A4A5000D3EC63 /* DecratorViewController.h */ = {isa = PBXFileReference; lastKnownFileType = sourcecode.c.h; path = DecratorViewController.h; sourceTree = "<group>"; };
		183F67FC214A4A5000D3EC63 /* DecratorViewController.m */ = {isa = PBXFileReference; lastKnownFileType = sourcecode.c.objc; path = DecratorViewController.m; sourceTree = "<group>"; };
		183F67FE214A4A6C00D3EC63 /* ProxyViewController.h */ = {isa = PBXFileReference; lastKnownFileType = sourcecode.c.h; path = ProxyViewController.h; sourceTree = "<group>"; };
		183F67FF214A4A6C00D3EC63 /* ProxyViewController.m */ = {isa = PBXFileReference; lastKnownFileType = sourcecode.c.objc; path = ProxyViewController.m; sourceTree = "<group>"; };
		183F6801214A4A9B00D3EC63 /* FacadeViewController.h */ = {isa = PBXFileReference; lastKnownFileType = sourcecode.c.h; path = FacadeViewController.h; sourceTree = "<group>"; };
		183F6802214A4A9B00D3EC63 /* FacadeViewController.m */ = {isa = PBXFileReference; lastKnownFileType = sourcecode.c.objc; path = FacadeViewController.m; sourceTree = "<group>"; };
		183F6804214A4AD100D3EC63 /* BridgeViewController.h */ = {isa = PBXFileReference; lastKnownFileType = sourcecode.c.h; path = BridgeViewController.h; sourceTree = "<group>"; };
		183F6805214A4AD100D3EC63 /* BridgeViewController.m */ = {isa = PBXFileReference; lastKnownFileType = sourcecode.c.objc; path = BridgeViewController.m; sourceTree = "<group>"; };
		183F6807214A4B0300D3EC63 /* CompositeViewController.h */ = {isa = PBXFileReference; lastKnownFileType = sourcecode.c.h; path = CompositeViewController.h; sourceTree = "<group>"; };
		183F6808214A4B0300D3EC63 /* CompositeViewController.m */ = {isa = PBXFileReference; lastKnownFileType = sourcecode.c.objc; path = CompositeViewController.m; sourceTree = "<group>"; };
		183F680A214A4B3C00D3EC63 /* FlyweightViewController.h */ = {isa = PBXFileReference; lastKnownFileType = sourcecode.c.h; path = FlyweightViewController.h; sourceTree = "<group>"; };
		183F680B214A4B3C00D3EC63 /* FlyweightViewController.m */ = {isa = PBXFileReference; lastKnownFileType = sourcecode.c.objc; path = FlyweightViewController.m; sourceTree = "<group>"; };
		183F6817214A4BBE00D3EC63 /* StrategyViewController.h */ = {isa = PBXFileReference; lastKnownFileType = sourcecode.c.h; path = StrategyViewController.h; sourceTree = "<group>"; };
		183F6818214A4BBE00D3EC63 /* StrategyViewController.m */ = {isa = PBXFileReference; lastKnownFileType = sourcecode.c.objc; path = StrategyViewController.m; sourceTree = "<group>"; };
		183F681A214A4BE100D3EC63 /* TemplateMethodViewController.h */ = {isa = PBXFileReference; lastKnownFileType = sourcecode.c.h; path = TemplateMethodViewController.h; sourceTree = "<group>"; };
		183F681B214A4BE100D3EC63 /* TemplateMethodViewController.m */ = {isa = PBXFileReference; lastKnownFileType = sourcecode.c.objc; path = TemplateMethodViewController.m; sourceTree = "<group>"; };
		183F681D214A4C1A00D3EC63 /* ObserverViewController.h */ = {isa = PBXFileReference; lastKnownFileType = sourcecode.c.h; path = ObserverViewController.h; sourceTree = "<group>"; };
		183F681E214A4C1A00D3EC63 /* ObserverViewController.m */ = {isa = PBXFileReference; lastKnownFileType = sourcecode.c.objc; path = ObserverViewController.m; sourceTree = "<group>"; };
		183F6820214A4C3800D3EC63 /* IteratorViewController.h */ = {isa = PBXFileReference; lastKnownFileType = sourcecode.c.h; path = IteratorViewController.h; sourceTree = "<group>"; };
		183F6821214A4C3800D3EC63 /* IteratorViewController.m */ = {isa = PBXFileReference; lastKnownFileType = sourcecode.c.objc; path = IteratorViewController.m; sourceTree = "<group>"; };
		183F6826214A4C7B00D3EC63 /* ChainOfResponsibilityViewController.h */ = {isa = PBXFileReference; lastKnownFileType = sourcecode.c.h; path = ChainOfResponsibilityViewController.h; sourceTree = "<group>"; };
		183F6827214A4C7B00D3EC63 /* ChainOfResponsibilityViewController.m */ = {isa = PBXFileReference; lastKnownFileType = sourcecode.c.objc; path = ChainOfResponsibilityViewController.m; sourceTree = "<group>"; };
		183F6829214A4C9A00D3EC63 /* CommandViewController.h */ = {isa = PBXFileReference; lastKnownFileType = sourcecode.c.h; path = CommandViewController.h; sourceTree = "<group>"; };
		183F682A214A4C9A00D3EC63 /* CommandViewController.m */ = {isa = PBXFileReference; lastKnownFileType = sourcecode.c.objc; path = CommandViewController.m; sourceTree = "<group>"; };
		183F682C214A4CB900D3EC63 /* MementoViewController.h */ = {isa = PBXFileReference; lastKnownFileType = sourcecode.c.h; path = MementoViewController.h; sourceTree = "<group>"; };
		183F682D214A4CB900D3EC63 /* MementoViewController.m */ = {isa = PBXFileReference; lastKnownFileType = sourcecode.c.objc; path = MementoViewController.m; sourceTree = "<group>"; };
		183F682F214A4CD900D3EC63 /* StateViewController.h */ = {isa = PBXFileReference; lastKnownFileType = sourcecode.c.h; path = StateViewController.h; sourceTree = "<group>"; };
		183F6830214A4CD900D3EC63 /* StateViewController.m */ = {isa = PBXFileReference; lastKnownFileType = sourcecode.c.objc; path = StateViewController.m; sourceTree = "<group>"; };
		183F6832214A4CF500D3EC63 /* VisitorViewController.h */ = {isa = PBXFileReference; lastKnownFileType = sourcecode.c.h; path = VisitorViewController.h; sourceTree = "<group>"; };
		183F6833214A4CF500D3EC63 /* VisitorViewController.m */ = {isa = PBXFileReference; lastKnownFileType = sourcecode.c.objc; path = VisitorViewController.m; sourceTree = "<group>"; };
		183F6835214A4D1E00D3EC63 /* MediatorViewController.h */ = {isa = PBXFileReference; lastKnownFileType = sourcecode.c.h; path = MediatorViewController.h; sourceTree = "<group>"; };
		183F6836214A4D1E00D3EC63 /* MediatorViewController.m */ = {isa = PBXFileReference; lastKnownFileType = sourcecode.c.objc; path = MediatorViewController.m; sourceTree = "<group>"; };
		183F6839214A4D6200D3EC63 /* InterpreterViewController.h */ = {isa = PBXFileReference; lastKnownFileType = sourcecode.c.h; path = InterpreterViewController.h; sourceTree = "<group>"; };
		183F683A214A4D6200D3EC63 /* InterpreterViewController.m */ = {isa = PBXFileReference; lastKnownFileType = sourcecode.c.objc; path = InterpreterViewController.m; sourceTree = "<group>"; };
		183F6841214A668200D3EC63 /* FlagFactoryProtocol.h */ = {isa = PBXFileReference; lastKnownFileType = sourcecode.c.h; path = FlagFactoryProtocol.h; sourceTree = "<group>"; };
		183F6845214A680700D3EC63 /* ChinaFlag.h */ = {isa = PBXFileReference; lastKnownFileType = sourcecode.c.h; path = ChinaFlag.h; sourceTree = "<group>"; };
		183F6846214A680700D3EC63 /* ChinaFlag.m */ = {isa = PBXFileReference; lastKnownFileType = sourcecode.c.objc; path = ChinaFlag.m; sourceTree = "<group>"; };
		183F6848214A682000D3EC63 /* AmericanFlag.h */ = {isa = PBXFileReference; lastKnownFileType = sourcecode.c.h; path = AmericanFlag.h; sourceTree = "<group>"; };
		183F6849214A682000D3EC63 /* AmericanFlag.m */ = {isa = PBXFileReference; lastKnownFileType = sourcecode.c.objc; path = AmericanFlag.m; sourceTree = "<group>"; };
		183F684B214A694700D3EC63 /* ChinaFlagFactory.h */ = {isa = PBXFileReference; lastKnownFileType = sourcecode.c.h; path = ChinaFlagFactory.h; sourceTree = "<group>"; };
		183F684C214A694700D3EC63 /* ChinaFlagFactory.m */ = {isa = PBXFileReference; lastKnownFileType = sourcecode.c.objc; path = ChinaFlagFactory.m; sourceTree = "<group>"; };
		183F684E214A695E00D3EC63 /* AmericanFlagFactory.h */ = {isa = PBXFileReference; lastKnownFileType = sourcecode.c.h; path = AmericanFlagFactory.h; sourceTree = "<group>"; };
		183F684F214A695E00D3EC63 /* AmericanFlagFactory.m */ = {isa = PBXFileReference; lastKnownFileType = sourcecode.c.objc; path = AmericanFlagFactory.m; sourceTree = "<group>"; };
		183F6851214A6FD500D3EC63 /* FlagProtocol.h */ = {isa = PBXFileReference; lastKnownFileType = sourcecode.c.h; path = FlagProtocol.h; sourceTree = "<group>"; };
		183F6852214A71EF00D3EC63 /* Flag.h */ = {isa = PBXFileReference; lastKnownFileType = sourcecode.c.h; path = Flag.h; sourceTree = "<group>"; };
		183F6853214A71EF00D3EC63 /* Flag.m */ = {isa = PBXFileReference; lastKnownFileType = sourcecode.c.objc; path = Flag.m; sourceTree = "<group>"; };
		183F6855214B4EF100D3EC63 /* ApplePhone.h */ = {isa = PBXFileReference; lastKnownFileType = sourcecode.c.h; path = ApplePhone.h; sourceTree = "<group>"; };
		183F6856214B4EF100D3EC63 /* ApplePhone.m */ = {isa = PBXFileReference; lastKnownFileType = sourcecode.c.objc; path = ApplePhone.m; sourceTree = "<group>"; };
		183F6858214B4F0600D3EC63 /* HuaweiPhone.h */ = {isa = PBXFileReference; lastKnownFileType = sourcecode.c.h; path = HuaweiPhone.h; sourceTree = "<group>"; };
		183F6859214B4F0600D3EC63 /* HuaweiPhone.m */ = {isa = PBXFileReference; lastKnownFileType = sourcecode.c.objc; path = HuaweiPhone.m; sourceTree = "<group>"; };
		183F6866214B50B100D3EC63 /* HuaweiFactory.h */ = {isa = PBXFileReference; lastKnownFileType = sourcecode.c.h; path = HuaweiFactory.h; sourceTree = "<group>"; };
		183F6867214B50B100D3EC63 /* HuaweiFactory.m */ = {isa = PBXFileReference; lastKnownFileType = sourcecode.c.objc; path = HuaweiFactory.m; sourceTree = "<group>"; };
		183F6869214B50CB00D3EC63 /* AppleFactory.h */ = {isa = PBXFileReference; lastKnownFileType = sourcecode.c.h; path = AppleFactory.h; sourceTree = "<group>"; };
		183F686A214B50CB00D3EC63 /* AppleFactory.m */ = {isa = PBXFileReference; lastKnownFileType = sourcecode.c.objc; path = AppleFactory.m; sourceTree = "<group>"; };
		183F686E214B514F00D3EC63 /* HuaweiBattery.h */ = {isa = PBXFileReference; lastKnownFileType = sourcecode.c.h; path = HuaweiBattery.h; sourceTree = "<group>"; };
		183F686F214B514F00D3EC63 /* HuaweiBattery.m */ = {isa = PBXFileReference; lastKnownFileType = sourcecode.c.objc; path = HuaweiBattery.m; sourceTree = "<group>"; };
		183F6871214B516200D3EC63 /* AppleBattery.h */ = {isa = PBXFileReference; lastKnownFileType = sourcecode.c.h; path = AppleBattery.h; sourceTree = "<group>"; };
		183F6872214B516200D3EC63 /* AppleBattery.m */ = {isa = PBXFileReference; lastKnownFileType = sourcecode.c.objc; path = AppleBattery.m; sourceTree = "<group>"; };
		183F6879214B539F00D3EC63 /* PhoneProtocol.h */ = {isa = PBXFileReference; lastKnownFileType = sourcecode.c.h; path = PhoneProtocol.h; sourceTree = "<group>"; };
		183F687A214B53AE00D3EC63 /* BatteryProtocol.h */ = {isa = PBXFileReference; lastKnownFileType = sourcecode.c.h; path = BatteryProtocol.h; sourceTree = "<group>"; };
		183F687B214B53D700D3EC63 /* PhoneFactoryProtocol.h */ = {isa = PBXFileReference; lastKnownFileType = sourcecode.c.h; path = PhoneFactoryProtocol.h; sourceTree = "<group>"; };
		183F6890214B8CBC00D3EC63 /* Wine.h */ = {isa = PBXFileReference; lastKnownFileType = sourcecode.c.h; path = Wine.h; sourceTree = "<group>"; };
		183F6891214B8CBC00D3EC63 /* Wine.m */ = {isa = PBXFileReference; lastKnownFileType = sourcecode.c.objc; path = Wine.m; sourceTree = "<group>"; };
		183F6893214B8D8400D3EC63 /* Whisky.h */ = {isa = PBXFileReference; lastKnownFileType = sourcecode.c.h; path = Whisky.h; sourceTree = "<group>"; };
		183F6894214B8D8400D3EC63 /* Whisky.m */ = {isa = PBXFileReference; lastKnownFileType = sourcecode.c.objc; path = Whisky.m; sourceTree = "<group>"; };
		183F6896214B8DB300D3EC63 /* Brandy.h */ = {isa = PBXFileReference; lastKnownFileType = sourcecode.c.h; path = Brandy.h; sourceTree = "<group>"; };
		183F6897214B8DB300D3EC63 /* Brandy.m */ = {isa = PBXFileReference; lastKnownFileType = sourcecode.c.objc; path = Brandy.m; sourceTree = "<group>"; };
		183F6899214B8DD700D3EC63 /* WineProductProtocol.h */ = {isa = PBXFileReference; lastKnownFileType = sourcecode.c.h; path = WineProductProtocol.h; sourceTree = "<group>"; };
		183F689A214B8DF700D3EC63 /* SellWine.h */ = {isa = PBXFileReference; lastKnownFileType = sourcecode.c.h; path = SellWine.h; sourceTree = "<group>"; };
		183F689B214B8DF800D3EC63 /* SellWine.m */ = {isa = PBXFileReference; lastKnownFileType = sourcecode.c.objc; path = SellWine.m; sourceTree = "<group>"; };
		183F689D214B985100D3EC63 /* Person.h */ = {isa = PBXFileReference; lastKnownFileType = sourcecode.c.h; path = Person.h; sourceTree = "<group>"; };
		183F689E214B985100D3EC63 /* Person.m */ = {isa = PBXFileReference; lastKnownFileType = sourcecode.c.objc; path = Person.m; sourceTree = "<group>"; };
		183F68A0214B986D00D3EC63 /* PersonProtocol.h */ = {isa = PBXFileReference; lastKnownFileType = sourcecode.c.h; path = PersonProtocol.h; sourceTree = "<group>"; };
		183F68A1214BA44300D3EC63 /* Human.h */ = {isa = PBXFileReference; lastKnownFileType = sourcecode.c.h; path = Human.h; sourceTree = "<group>"; };
		183F68A2214BA44300D3EC63 /* Human.m */ = {isa = PBXFileReference; lastKnownFileType = sourcecode.c.objc; path = Human.m; sourceTree = "<group>"; };
		183F6931214CFFC700D3EC63 /* BaseAdapter.h */ = {isa = PBXFileReference; lastKnownFileType = sourcecode.c.h; path = BaseAdapter.h; sourceTree = "<group>"; };
		183F6932214CFFC700D3EC63 /* BaseAdapter.m */ = {isa = PBXFileReference; lastKnownFileType = sourcecode.c.objc; path = BaseAdapter.m; sourceTree = "<group>"; };
		183F6934214D004000D3EC63 /* Adapter.h */ = {isa = PBXFileReference; lastKnownFileType = sourcecode.c.h; path = Adapter.h; sourceTree = "<group>"; };
		183F6935214D004000D3EC63 /* Adapter.m */ = {isa = PBXFileReference; lastKnownFileType = sourcecode.c.objc; path = Adapter.m; sourceTree = "<group>"; };
		183F6937214D008000D3EC63 /* AdapterProtocol.h */ = {isa = PBXFileReference; lastKnownFileType = sourcecode.c.h; path = AdapterProtocol.h; sourceTree = "<group>"; };
		183F6938214D01A300D3EC63 /* BaseTableViewDataSource.h */ = {isa = PBXFileReference; lastKnownFileType = sourcecode.c.h; path = BaseTableViewDataSource.h; sourceTree = "<group>"; };
		183F6939214D01A300D3EC63 /* BaseTableViewDataSource.m */ = {isa = PBXFileReference; lastKnownFileType = sourcecode.c.objc; path = BaseTableViewDataSource.m; sourceTree = "<group>"; };
		183F693B214D024700D3EC63 /* TableViewDataSource.h */ = {isa = PBXFileReference; lastKnownFileType = sourcecode.c.h; path = TableViewDataSource.h; sourceTree = "<group>"; };
		183F693C214D024800D3EC63 /* TableViewDataSource.m */ = {isa = PBXFileReference; lastKnownFileType = sourcecode.c.objc; path = TableViewDataSource.m; sourceTree = "<group>"; };
		183F693E214D0F1300D3EC63 /* StaticPhone.h */ = {isa = PBXFileReference; lastKnownFileType = sourcecode.c.h; path = StaticPhone.h; sourceTree = "<group>"; };
		183F693F214D0F1400D3EC63 /* StaticPhone.m */ = {isa = PBXFileReference; lastKnownFileType = sourcecode.c.objc; path = StaticPhone.m; sourceTree = "<group>"; };
		183F6941214D0F3100D3EC63 /* StaticPhoneProtocol.h */ = {isa = PBXFileReference; lastKnownFileType = sourcecode.c.h; path = StaticPhoneProtocol.h; sourceTree = "<group>"; };
		183F6942214D111500D3EC63 /* DecHuweiPhone.h */ = {isa = PBXFileReference; lastKnownFileType = sourcecode.c.h; path = DecHuweiPhone.h; sourceTree = "<group>"; };
		183F6943214D111500D3EC63 /* DecHuweiPhone.m */ = {isa = PBXFileReference; lastKnownFileType = sourcecode.c.objc; path = DecHuweiPhone.m; sourceTree = "<group>"; };
		183F6945214D112D00D3EC63 /* DecApplePhone.h */ = {isa = PBXFileReference; lastKnownFileType = sourcecode.c.h; path = DecApplePhone.h; sourceTree = "<group>"; };
		183F6946214D112D00D3EC63 /* DecApplePhone.m */ = {isa = PBXFileReference; lastKnownFileType = sourcecode.c.objc; path = DecApplePhone.m; sourceTree = "<group>"; };
		183F6948214D144700D3EC63 /* DecPhone.h */ = {isa = PBXFileReference; lastKnownFileType = sourcecode.c.h; path = DecPhone.h; sourceTree = "<group>"; };
		183F6949214D144700D3EC63 /* DecPhone.m */ = {isa = PBXFileReference; lastKnownFileType = sourcecode.c.objc; path = DecPhone.m; sourceTree = "<group>"; };
		183F694C214D467C00D3EC63 /* ProTeacher.h */ = {isa = PBXFileReference; lastKnownFileType = sourcecode.c.h; path = ProTeacher.h; sourceTree = "<group>"; };
		183F694D214D467C00D3EC63 /* ProTeacher.m */ = {isa = PBXFileReference; lastKnownFileType = sourcecode.c.objc; path = ProTeacher.m; sourceTree = "<group>"; };
		183F694F214D468C00D3EC63 /* ProTeacherProtocol.h */ = {isa = PBXFileReference; lastKnownFileType = sourcecode.c.h; path = ProTeacherProtocol.h; sourceTree = "<group>"; };
		183F6950214D476B00D3EC63 /* ProTeacherA.h */ = {isa = PBXFileReference; lastKnownFileType = sourcecode.c.h; path = ProTeacherA.h; sourceTree = "<group>"; };
		183F6951214D476C00D3EC63 /* ProTeacherA.m */ = {isa = PBXFileReference; lastKnownFileType = sourcecode.c.objc; path = ProTeacherA.m; sourceTree = "<group>"; };
		183F6954214D50A900D3EC63 /* CookingManager.h */ = {isa = PBXFileReference; lastKnownFileType = sourcecode.c.h; path = CookingManager.h; sourceTree = "<group>"; };
		183F6955214D50A900D3EC63 /* CookingManager.m */ = {isa = PBXFileReference; lastKnownFileType = sourcecode.c.objc; path = CookingManager.m; sourceTree = "<group>"; };
		183F6957214D50CA00D3EC63 /* Tableware.h */ = {isa = PBXFileReference; lastKnownFileType = sourcecode.c.h; path = Tableware.h; sourceTree = "<group>"; };
		183F6958214D50CA00D3EC63 /* Tableware.m */ = {isa = PBXFileReference; lastKnownFileType = sourcecode.c.objc; path = Tableware.m; sourceTree = "<group>"; };
		183F695A214D50E300D3EC63 /* Food.h */ = {isa = PBXFileReference; lastKnownFileType = sourcecode.c.h; path = Food.h; sourceTree = "<group>"; };
		183F695B214D50E300D3EC63 /* Food.m */ = {isa = PBXFileReference; lastKnownFileType = sourcecode.c.objc; path = Food.m; sourceTree = "<group>"; };
		183F695D214D5B3300D3EC63 /* MilkTea.h */ = {isa = PBXFileReference; lastKnownFileType = sourcecode.c.h; path = MilkTea.h; sourceTree = "<group>"; };
		183F695E214D5B3300D3EC63 /* MilkTea.m */ = {isa = PBXFileReference; lastKnownFileType = sourcecode.c.objc; path = MilkTea.m; sourceTree = "<group>"; };
		183F6960214D5B7E00D3EC63 /* MilkTeaAdds.h */ = {isa = PBXFileReference; lastKnownFileType = sourcecode.c.h; path = MilkTeaAdds.h; sourceTree = "<group>"; };
		183F6961214D5B7E00D3EC63 /* MilkTeaAdds.m */ = {isa = PBXFileReference; lastKnownFileType = sourcecode.c.objc; path = MilkTeaAdds.m; sourceTree = "<group>"; };
		183F6964214D5C9700D3EC63 /* BigCupTea.h */ = {isa = PBXFileReference; lastKnownFileType = sourcecode.c.h; path = BigCupTea.h; sourceTree = "<group>"; };
		183F6965214D5C9700D3EC63 /* BigCupTea.m */ = {isa = PBXFileReference; lastKnownFileType = sourcecode.c.objc; path = BigCupTea.m; sourceTree = "<group>"; };
		183F6967214D5CBD00D3EC63 /* MediumCupTea.h */ = {isa = PBXFileReference; lastKnownFileType = sourcecode.c.h; path = MediumCupTea.h; sourceTree = "<group>"; };
		183F6968214D5CBD00D3EC63 /* MediumCupTea.m */ = {isa = PBXFileReference; lastKnownFileType = sourcecode.c.objc; path = MediumCupTea.m; sourceTree = "<group>"; };
		183F696A214D5CCF00D3EC63 /* SmallMilkTea.h */ = {isa = PBXFileReference; lastKnownFileType = sourcecode.c.h; path = SmallMilkTea.h; sourceTree = "<group>"; };
		183F696B214D5CCF00D3EC63 /* SmallMilkTea.m */ = {isa = PBXFileReference; lastKnownFileType = sourcecode.c.objc; path = SmallMilkTea.m; sourceTree = "<group>"; };
		183F696E214D5DAC00D3EC63 /* IceAdds.h */ = {isa = PBXFileReference; lastKnownFileType = sourcecode.c.h; path = IceAdds.h; sourceTree = "<group>"; };
		183F696F214D5DAC00D3EC63 /* IceAdds.m */ = {isa = PBXFileReference; lastKnownFileType = sourcecode.c.objc; path = IceAdds.m; sourceTree = "<group>"; };
		183F6971214D5DCF00D3EC63 /* SugarAdds.h */ = {isa = PBXFileReference; lastKnownFileType = sourcecode.c.h; path = SugarAdds.h; sourceTree = "<group>"; };
		183F6972214D5DCF00D3EC63 /* SugarAdds.m */ = {isa = PBXFileReference; lastKnownFileType = sourcecode.c.objc; path = SugarAdds.m; sourceTree = "<group>"; };
		183F6974214E861D00D3EC63 /* HumanSqliteDB.h */ = {isa = PBXFileReference; lastKnownFileType = sourcecode.c.h; path = HumanSqliteDB.h; sourceTree = "<group>"; };
		183F6975214E861D00D3EC63 /* HumanSqliteDB.m */ = {isa = PBXFileReference; lastKnownFileType = sourcecode.c.objc; path = HumanSqliteDB.m; sourceTree = "<group>"; };
		183F6977214E863600D3EC63 /* AnimalSqliteDB.h */ = {isa = PBXFileReference; lastKnownFileType = sourcecode.c.h; path = AnimalSqliteDB.h; sourceTree = "<group>"; };
		183F6978214E863600D3EC63 /* AnimalSqliteDB.m */ = {isa = PBXFileReference; lastKnownFileType = sourcecode.c.objc; path = AnimalSqliteDB.m; sourceTree = "<group>"; };
		183F697A214E864F00D3EC63 /* SqliteDBProtocol.h */ = {isa = PBXFileReference; lastKnownFileType = sourcecode.c.h; path = SqliteDBProtocol.h; sourceTree = "<group>"; };
		183F697B214E8A9300D3EC63 /* JackDB.h */ = {isa = PBXFileReference; lastKnownFileType = sourcecode.c.h; path = JackDB.h; sourceTree = "<group>"; };
		183F697C214E8A9300D3EC63 /* JackDB.m */ = {isa = PBXFileReference; lastKnownFileType = sourcecode.c.objc; path = JackDB.m; sourceTree = "<group>"; };
		183F697E214E8AA000D3EC63 /* RoseDB.h */ = {isa = PBXFileReference; lastKnownFileType = sourcecode.c.h; path = RoseDB.h; sourceTree = "<group>"; };
		183F697F214E8AA000D3EC63 /* RoseDB.m */ = {isa = PBXFileReference; lastKnownFileType = sourcecode.c.objc; path = RoseDB.m; sourceTree = "<group>"; };
		183F6981214E95CF00D3EC63 /* Computer.h */ = {isa = PBXFileReference; lastKnownFileType = sourcecode.c.h; path = Computer.h; sourceTree = "<group>"; };
		183F6982214E95CF00D3EC63 /* Computer.m */ = {isa = PBXFileReference; lastKnownFileType = sourcecode.c.objc; path = Computer.m; sourceTree = "<group>"; };
		183F6984214E95E200D3EC63 /* ComputerProtocol.h */ = {isa = PBXFileReference; lastKnownFileType = sourcecode.c.h; path = ComputerProtocol.h; sourceTree = "<group>"; };
		183F6985214E988700D3EC63 /* ComputerFactory.h */ = {isa = PBXFileReference; lastKnownFileType = sourcecode.c.h; path = ComputerFactory.h; sourceTree = "<group>"; };
		183F6986214E988700D3EC63 /* ComputerFactory.m */ = {isa = PBXFileReference; lastKnownFileType = sourcecode.c.objc; path = ComputerFactory.m; sourceTree = "<group>"; };
		183F698A214EA7C400D3EC63 /* DESEncryption.h */ = {isa = PBXFileReference; lastKnownFileType = sourcecode.c.h; path = DESEncryption.h; sourceTree = "<group>"; };
		183F698B214EA7C400D3EC63 /* DESEncryption.m */ = {isa = PBXFileReference; lastKnownFileType = sourcecode.c.objc; path = DESEncryption.m; sourceTree = "<group>"; };
		183F698D214EA7E600D3EC63 /* AlgorithmProtocol.h */ = {isa = PBXFileReference; lastKnownFileType = sourcecode.c.h; path = AlgorithmProtocol.h; sourceTree = "<group>"; };
		183F698E214EA82B00D3EC63 /* RSAEncryption.h */ = {isa = PBXFileReference; lastKnownFileType = sourcecode.c.h; path = RSAEncryption.h; sourceTree = "<group>"; };
		183F698F214EA82B00D3EC63 /* RSAEncryption.m */ = {isa = PBXFileReference; lastKnownFileType = sourcecode.c.objc; path = RSAEncryption.m; sourceTree = "<group>"; };
		183F6991214EB12200D3EC63 /* GetUpBed.h */ = {isa = PBXFileReference; lastKnownFileType = sourcecode.c.h; path = GetUpBed.h; sourceTree = "<group>"; };
		183F6992214EB12300D3EC63 /* GetUpBed.m */ = {isa = PBXFileReference; lastKnownFileType = sourcecode.c.objc; path = GetUpBed.m; sourceTree = "<group>"; };
		183F6994214EB29D00D3EC63 /* JackGetUpBed.h */ = {isa = PBXFileReference; lastKnownFileType = sourcecode.c.h; path = JackGetUpBed.h; sourceTree = "<group>"; };
		183F6995214EB29D00D3EC63 /* JackGetUpBed.m */ = {isa = PBXFileReference; lastKnownFileType = sourcecode.c.objc; path = JackGetUpBed.m; sourceTree = "<group>"; };
		183F6997214EB6F100D3EC63 /* DeliciousFood.h */ = {isa = PBXFileReference; lastKnownFileType = sourcecode.c.h; path = DeliciousFood.h; sourceTree = "<group>"; };
		183F6998214EB6F100D3EC63 /* DeliciousFood.m */ = {isa = PBXFileReference; lastKnownFileType = sourcecode.c.objc; path = DeliciousFood.m; sourceTree = "<group>"; };
		183F69A6214F3B6200D3EC63 /* SiteAggregrate.h */ = {isa = PBXFileReference; lastKnownFileType = sourcecode.c.h; path = SiteAggregrate.h; sourceTree = "<group>"; };
		183F69A7214F3B6200D3EC63 /* SiteAggregrate.m */ = {isa = PBXFileReference; lastKnownFileType = sourcecode.c.objc; path = SiteAggregrate.m; sourceTree = "<group>"; };
		183F69A9214F3B8800D3EC63 /* SiteAggregrateProtocol.h */ = {isa = PBXFileReference; lastKnownFileType = sourcecode.c.h; path = SiteAggregrateProtocol.h; sourceTree = "<group>"; };
		183F69AA214F3F1900D3EC63 /* TicketIterator.h */ = {isa = PBXFileReference; lastKnownFileType = sourcecode.c.h; path = TicketIterator.h; sourceTree = "<group>"; };
		183F69AB214F3F1900D3EC63 /* TicketIterator.m */ = {isa = PBXFileReference; lastKnownFileType = sourcecode.c.objc; path = TicketIterator.m; sourceTree = "<group>"; };
		183F69AD214F3F2800D3EC63 /* TicketIteratorProtocol.h */ = {isa = PBXFileReference; lastKnownFileType = sourcecode.c.h; path = TicketIteratorProtocol.h; sourceTree = "<group>"; };
		183F69AE214F403400D3EC63 /* StudentTicketIterator.h */ = {isa = PBXFileReference; lastKnownFileType = sourcecode.c.h; path = StudentTicketIterator.h; sourceTree = "<group>"; };
		183F69AF214F403400D3EC63 /* StudentTicketIterator.m */ = {isa = PBXFileReference; lastKnownFileType = sourcecode.c.objc; path = StudentTicketIterator.m; sourceTree = "<group>"; };
		183F69B1214F4AF100D3EC63 /* BaseChain.h */ = {isa = PBXFileReference; lastKnownFileType = sourcecode.c.h; path = BaseChain.h; sourceTree = "<group>"; };
		183F69B2214F4AF100D3EC63 /* BaseChain.m */ = {isa = PBXFileReference; lastKnownFileType = sourcecode.c.objc; path = BaseChain.m; sourceTree = "<group>"; };
		183F69B4214F4CC500D3EC63 /* JackChain.h */ = {isa = PBXFileReference; lastKnownFileType = sourcecode.c.h; path = JackChain.h; sourceTree = "<group>"; };
		183F69B5214F4CC500D3EC63 /* JackChain.m */ = {isa = PBXFileReference; lastKnownFileType = sourcecode.c.objc; path = JackChain.m; sourceTree = "<group>"; };
		183F69B7214F4CD400D3EC63 /* RoseChain.h */ = {isa = PBXFileReference; lastKnownFileType = sourcecode.c.h; path = RoseChain.h; sourceTree = "<group>"; };
		183F69B8214F4CD400D3EC63 /* RoseChain.m */ = {isa = PBXFileReference; lastKnownFileType = sourcecode.c.objc; path = RoseChain.m; sourceTree = "<group>"; };
		183F69BA214F547700D3EC63 /* FinalExpression.h */ = {isa = PBXFileReference; lastKnownFileType = sourcecode.c.h; path = FinalExpression.h; sourceTree = "<group>"; };
		183F69BB214F547700D3EC63 /* FinalExpression.m */ = {isa = PBXFileReference; lastKnownFileType = sourcecode.c.objc; path = FinalExpression.m; sourceTree = "<group>"; };
		183F69BD214F548400D3EC63 /* NotFinalExpression.h */ = {isa = PBXFileReference; lastKnownFileType = sourcecode.c.h; path = NotFinalExpression.h; sourceTree = "<group>"; };
		183F69BE214F548400D3EC63 /* NotFinalExpression.m */ = {isa = PBXFileReference; lastKnownFileType = sourcecode.c.objc; path = NotFinalExpression.m; sourceTree = "<group>"; };
		183F69C0214F549400D3EC63 /* Context.h */ = {isa = PBXFileReference; lastKnownFileType = sourcecode.c.h; path = Context.h; sourceTree = "<group>"; };
		183F69C1214F549400D3EC63 /* Context.m */ = {isa = PBXFileReference; lastKnownFileType = sourcecode.c.objc; path = Context.m; sourceTree = "<group>"; };
		183F69C3214F54A700D3EC63 /* ExpressionProtocol.h */ = {isa = PBXFileReference; lastKnownFileType = sourcecode.c.h; path = ExpressionProtocol.h; sourceTree = "<group>"; };
		183F69C7214F857A00D3EC63 /* DynamicCommand.h */ = {isa = PBXFileReference; lastKnownFileType = sourcecode.c.h; path = DynamicCommand.h; sourceTree = "<group>"; };
		183F69C8214F857A00D3EC63 /* DynamicCommand.m */ = {isa = PBXFileReference; lastKnownFileType = sourcecode.c.objc; path = DynamicCommand.m; sourceTree = "<group>"; };
		183F69CA214F85A700D3EC63 /* CommandInvoker.h */ = {isa = PBXFileReference; lastKnownFileType = sourcecode.c.h; path = CommandInvoker.h; sourceTree = "<group>"; };
		183F69CB214F85A700D3EC63 /* CommandInvoker.m */ = {isa = PBXFileReference; lastKnownFileType = sourcecode.c.objc; path = CommandInvoker.m; sourceTree = "<group>"; };
		183F69CD214F85C400D3EC63 /* CommandReceiver.h */ = {isa = PBXFileReference; lastKnownFileType = sourcecode.c.h; path = CommandReceiver.h; sourceTree = "<group>"; };
		183F69CE214F85C400D3EC63 /* CommandReceiver.m */ = {isa = PBXFileReference; lastKnownFileType = sourcecode.c.objc; path = CommandReceiver.m; sourceTree = "<group>"; };
		183F69D0214F85D300D3EC63 /* CommandProtocol.h */ = {isa = PBXFileReference; lastKnownFileType = sourcecode.c.h; path = CommandProtocol.h; sourceTree = "<group>"; };
		183F69D1214F8EB100D3EC63 /* MementoRole.h */ = {isa = PBXFileReference; lastKnownFileType = sourcecode.c.h; path = MementoRole.h; sourceTree = "<group>"; };
		183F69D2214F8EB100D3EC63 /* MementoRole.m */ = {isa = PBXFileReference; lastKnownFileType = sourcecode.c.objc; path = MementoRole.m; sourceTree = "<group>"; };
		183F69D4214F8F8B00D3EC63 /* MementoStore.h */ = {isa = PBXFileReference; lastKnownFileType = sourcecode.c.h; path = MementoStore.h; sourceTree = "<group>"; };
		183F69D5214F8F8B00D3EC63 /* MementoStore.m */ = {isa = PBXFileReference; lastKnownFileType = sourcecode.c.objc; path = MementoStore.m; sourceTree = "<group>"; };
		183F69D7214F903300D3EC63 /* MementoOriginator.h */ = {isa = PBXFileReference; lastKnownFileType = sourcecode.c.h; path = MementoOriginator.h; sourceTree = "<group>"; };
		183F69D8214F903300D3EC63 /* MementoOriginator.m */ = {isa = PBXFileReference; lastKnownFileType = sourcecode.c.objc; path = MementoOriginator.m; sourceTree = "<group>"; };
/* End PBXFileReference section */

/* Begin PBXFrameworksBuildPhase section */
		183F67A0214A33C100D3EC63 /* Frameworks */ = {
			isa = PBXFrameworksBuildPhase;
			buildActionMask = 2147483647;
			files = (
			);
			runOnlyForDeploymentPostprocessing = 0;
		};
		183F67B8214A33C400D3EC63 /* Frameworks */ = {
			isa = PBXFrameworksBuildPhase;
			buildActionMask = 2147483647;
			files = (
			);
			runOnlyForDeploymentPostprocessing = 0;
		};
		183F67C3214A33C400D3EC63 /* Frameworks */ = {
			isa = PBXFrameworksBuildPhase;
			buildActionMask = 2147483647;
			files = (
			);
			runOnlyForDeploymentPostprocessing = 0;
		};
/* End PBXFrameworksBuildPhase section */

/* Begin PBXGroup section */
		183F679A214A33C100D3EC63 = {
			isa = PBXGroup;
			children = (
				183F67A5214A33C100D3EC63 /* iOSDesignPatterns */,
				183F67BE214A33C400D3EC63 /* iOSDesignPatternsTests */,
				183F67C9214A33C400D3EC63 /* iOSDesignPatternsUITests */,
				183F67A4214A33C100D3EC63 /* Products */,
			);
			sourceTree = "<group>";
		};
		183F67A4214A33C100D3EC63 /* Products */ = {
			isa = PBXGroup;
			children = (
				183F67A3214A33C100D3EC63 /* iOSDesignPatterns.app */,
				183F67BB214A33C400D3EC63 /* iOSDesignPatternsTests.xctest */,
				183F67C6214A33C400D3EC63 /* iOSDesignPatternsUITests.xctest */,
			);
			name = Products;
			sourceTree = "<group>";
		};
		183F67A5214A33C100D3EC63 /* iOSDesignPatterns */ = {
			isa = PBXGroup;
			children = (
				183F67A6214A33C100D3EC63 /* AppDelegate.h */,
				183F67A7214A33C100D3EC63 /* AppDelegate.m */,
				183F67A9214A33C100D3EC63 /* ViewController.h */,
				183F67AA214A33C100D3EC63 /* ViewController.m */,
				183F67D8214A47D000D3EC63 /* Creational */,
				183F67DA214A47F300D3EC63 /* Structural */,
				183F67DB214A47F700D3EC63 /* Behavioral */,
				183F67AC214A33C100D3EC63 /* Main.storyboard */,
				183F67AF214A33C300D3EC63 /* Assets.xcassets */,
				183F67B1214A33C300D3EC63 /* LaunchScreen.storyboard */,
				183F67B4214A33C300D3EC63 /* Info.plist */,
				183F67B5214A33C300D3EC63 /* main.m */,
			);
			path = iOSDesignPatterns;
			sourceTree = "<group>";
		};
		183F67BE214A33C400D3EC63 /* iOSDesignPatternsTests */ = {
			isa = PBXGroup;
			children = (
				183F67BF214A33C400D3EC63 /* iOSDesignPatternsTests.m */,
				183F67C1214A33C400D3EC63 /* Info.plist */,
			);
			path = iOSDesignPatternsTests;
			sourceTree = "<group>";
		};
		183F67C9214A33C400D3EC63 /* iOSDesignPatternsUITests */ = {
			isa = PBXGroup;
			children = (
				183F67CA214A33C400D3EC63 /* iOSDesignPatternsUITests.m */,
				183F67CC214A33C400D3EC63 /* Info.plist */,
			);
			path = iOSDesignPatternsUITests;
			sourceTree = "<group>";
		};
		183F67D8214A47D000D3EC63 /* Creational */ = {
			isa = PBXGroup;
			children = (
				183F67E1214A488500D3EC63 /* FactoryMethod */,
				183F67E0214A488100D3EC63 /* AbstractFactory */,
				183F67DF214A487E00D3EC63 /* Singleton */,
				183F67DE214A487A00D3EC63 /* Builder */,
				183F67DC214A482F00D3EC63 /* Prototype */,
			);
			path = Creational;
			sourceTree = "<group>";
		};
		183F67DA214A47F300D3EC63 /* Structural */ = {
			isa = PBXGroup;
			children = (
				183F67E8214A48EC00D3EC63 /* Adapter */,
				183F67E7214A48E900D3EC63 /* Decrator */,
				183F67E6214A48E600D3EC63 /* Proxy */,
				183F67E5214A48E300D3EC63 /* Facade */,
				183F67E4214A48E100D3EC63 /* Bridge */,
				183F67E3214A48DE00D3EC63 /* Composite */,
				183F67E2214A48D900D3EC63 /* Flyweight */,
			);
			path = Structural;
			sourceTree = "<group>";
		};
		183F67DB214A47F700D3EC63 /* Behavioral */ = {
			isa = PBXGroup;
			children = (
				183F6816214A4BB000D3EC63 /* Strategy */,
				183F6815214A4BAD00D3EC63 /* TemplateMethod */,
				183F6814214A4BAB00D3EC63 /* Observer */,
				183F6813214A4BA700D3EC63 /* Iterator */,
				183F6812214A4BA400D3EC63 /* ChainOfResponsibility */,
				183F6811214A4BA100D3EC63 /* Command */,
				183F6810214A4B9E00D3EC63 /* Memento */,
				183F680F214A4B9B00D3EC63 /* State */,
				183F680E214A4B7100D3EC63 /* Visitor */,
				183F680D214A4B6E00D3EC63 /* Mediator */,
				183F6838214A4D3F00D3EC63 /* Interpreter */,
			);
			path = Behavioral;
			sourceTree = "<group>";
		};
		183F67DC214A482F00D3EC63 /* Prototype */ = {
			isa = PBXGroup;
			children = (
				183F67F5214A499500D3EC63 /* PrototypeViewController.h */,
				183F67F6214A499500D3EC63 /* PrototypeViewController.m */,
				183F689D214B985100D3EC63 /* Person.h */,
				183F689E214B985100D3EC63 /* Person.m */,
				183F68A0214B986D00D3EC63 /* PersonProtocol.h */,
			);
			path = Prototype;
			sourceTree = "<group>";
		};
		183F67DE214A487A00D3EC63 /* Builder */ = {
			isa = PBXGroup;
			children = (
				183F67F2214A497F00D3EC63 /* BuilderViewController.h */,
				183F67F3214A497F00D3EC63 /* BuilderViewController.m */,
				183F6890214B8CBC00D3EC63 /* Wine.h */,
				183F6891214B8CBC00D3EC63 /* Wine.m */,
				183F6893214B8D8400D3EC63 /* Whisky.h */,
				183F6894214B8D8400D3EC63 /* Whisky.m */,
				183F6896214B8DB300D3EC63 /* Brandy.h */,
				183F6897214B8DB300D3EC63 /* Brandy.m */,
				183F6899214B8DD700D3EC63 /* WineProductProtocol.h */,
				183F689A214B8DF700D3EC63 /* SellWine.h */,
				183F689B214B8DF800D3EC63 /* SellWine.m */,
			);
			path = Builder;
			sourceTree = "<group>";
		};
		183F67DF214A487E00D3EC63 /* Singleton */ = {
			isa = PBXGroup;
			children = (
				183F67EF214A496700D3EC63 /* SingletonViewController.h */,
				183F67F0214A496700D3EC63 /* SingletonViewController.m */,
				183F68A1214BA44300D3EC63 /* Human.h */,
				183F68A2214BA44300D3EC63 /* Human.m */,
			);
			path = Singleton;
			sourceTree = "<group>";
		};
		183F67E0214A488100D3EC63 /* AbstractFactory */ = {
			isa = PBXGroup;
			children = (
				183F67EC214A494100D3EC63 /* AbstractFactoryViewController.h */,
				183F67ED214A494100D3EC63 /* AbstractFactoryViewController.m */,
				183F6876214B52FB00D3EC63 /* Base */,
				183F685C214B4F5700D3EC63 /* Huawei */,
				183F685B214B4F4900D3EC63 /* Apple */,
			);
			path = AbstractFactory;
			sourceTree = "<group>";
		};
		183F67E1214A488500D3EC63 /* FactoryMethod */ = {
			isa = PBXGroup;
			children = (
				183F683D214A65AC00D3EC63 /* SimpleCode */,
				183F67E9214A491A00D3EC63 /* FactoryMethodViewController.h */,
				183F67EA214A491A00D3EC63 /* FactoryMethodViewController.m */,
			);
			path = FactoryMethod;
			sourceTree = "<group>";
		};
		183F67E2214A48D900D3EC63 /* Flyweight */ = {
			isa = PBXGroup;
			children = (
				183F680A214A4B3C00D3EC63 /* FlyweightViewController.h */,
				183F680B214A4B3C00D3EC63 /* FlyweightViewController.m */,
				183F6984214E95E200D3EC63 /* ComputerProtocol.h */,
				183F6981214E95CF00D3EC63 /* Computer.h */,
				183F6982214E95CF00D3EC63 /* Computer.m */,
				183F6985214E988700D3EC63 /* ComputerFactory.h */,
				183F6986214E988700D3EC63 /* ComputerFactory.m */,
			);
			path = Flyweight;
			sourceTree = "<group>";
		};
		183F67E3214A48DE00D3EC63 /* Composite */ = {
			isa = PBXGroup;
			children = (
				183F6807214A4B0300D3EC63 /* CompositeViewController.h */,
				183F6808214A4B0300D3EC63 /* CompositeViewController.m */,
				183F697A214E864F00D3EC63 /* SqliteDBProtocol.h */,
				183F6974214E861D00D3EC63 /* HumanSqliteDB.h */,
				183F6975214E861D00D3EC63 /* HumanSqliteDB.m */,
				183F6977214E863600D3EC63 /* AnimalSqliteDB.h */,
				183F6978214E863600D3EC63 /* AnimalSqliteDB.m */,
				183F697B214E8A9300D3EC63 /* JackDB.h */,
				183F697C214E8A9300D3EC63 /* JackDB.m */,
				183F697E214E8AA000D3EC63 /* RoseDB.h */,
				183F697F214E8AA000D3EC63 /* RoseDB.m */,
			);
			path = Composite;
			sourceTree = "<group>";
		};
		183F67E4214A48E100D3EC63 /* Bridge */ = {
			isa = PBXGroup;
			children = (
				183F6804214A4AD100D3EC63 /* BridgeViewController.h */,
				183F6805214A4AD100D3EC63 /* BridgeViewController.m */,
				183F6960214D5B7E00D3EC63 /* MilkTeaAdds.h */,
				183F6961214D5B7E00D3EC63 /* MilkTeaAdds.m */,
				183F695D214D5B3300D3EC63 /* MilkTea.h */,
				183F695E214D5B3300D3EC63 /* MilkTea.m */,
				183F696D214D5D8600D3EC63 /* MilkAdds */,
				183F6963214D5C7300D3EC63 /* TeaSize */,
			);
			path = Bridge;
			sourceTree = "<group>";
		};
		183F67E5214A48E300D3EC63 /* Facade */ = {
			isa = PBXGroup;
			children = (
				183F6801214A4A9B00D3EC63 /* FacadeViewController.h */,
				183F6802214A4A9B00D3EC63 /* FacadeViewController.m */,
				183F6953214D508300D3EC63 /* SimpleCode */,
			);
			path = Facade;
			sourceTree = "<group>";
		};
		183F67E6214A48E600D3EC63 /* Proxy */ = {
			isa = PBXGroup;
			children = (
				183F67FE214A4A6C00D3EC63 /* ProxyViewController.h */,
				183F67FF214A4A6C00D3EC63 /* ProxyViewController.m */,
				183F694B214D450800D3EC63 /* SimpleCode */,
			);
			path = Proxy;
			sourceTree = "<group>";
		};
		183F67E7214A48E900D3EC63 /* Decrator */ = {
			isa = PBXGroup;
			children = (
				183F67FB214A4A5000D3EC63 /* DecratorViewController.h */,
				183F67FC214A4A5000D3EC63 /* DecratorViewController.m */,
				183F6941214D0F3100D3EC63 /* StaticPhoneProtocol.h */,
				183F693E214D0F1300D3EC63 /* StaticPhone.h */,
				183F693F214D0F1400D3EC63 /* StaticPhone.m */,
				183F6948214D144700D3EC63 /* DecPhone.h */,
				183F6949214D144700D3EC63 /* DecPhone.m */,
				183F6942214D111500D3EC63 /* DecHuweiPhone.h */,
				183F6943214D111500D3EC63 /* DecHuweiPhone.m */,
				183F6945214D112D00D3EC63 /* DecApplePhone.h */,
				183F6946214D112D00D3EC63 /* DecApplePhone.m */,
			);
			path = Decrator;
			sourceTree = "<group>";
		};
		183F67E8214A48EC00D3EC63 /* Adapter */ = {
			isa = PBXGroup;
			children = (
				183F6930214CFF1B00D3EC63 /* TableViewDataSource */,
				183F692F214CFF0900D3EC63 /* SimpleCode */,
				183F67F8214A4A2D00D3EC63 /* AdapterViewController.h */,
				183F67F9214A4A2D00D3EC63 /* AdapterViewController.m */,
			);
			path = Adapter;
			sourceTree = "<group>";
		};
		183F680D214A4B6E00D3EC63 /* Mediator */ = {
			isa = PBXGroup;
			children = (
				183F6835214A4D1E00D3EC63 /* MediatorViewController.h */,
				183F6836214A4D1E00D3EC63 /* MediatorViewController.m */,
			);
			path = Mediator;
			sourceTree = "<group>";
		};
		183F680E214A4B7100D3EC63 /* Visitor */ = {
			isa = PBXGroup;
			children = (
				183F6832214A4CF500D3EC63 /* VisitorViewController.h */,
				183F6833214A4CF500D3EC63 /* VisitorViewController.m */,
			);
			path = Visitor;
			sourceTree = "<group>";
		};
		183F680F214A4B9B00D3EC63 /* State */ = {
			isa = PBXGroup;
			children = (
				183F682F214A4CD900D3EC63 /* StateViewController.h */,
				183F6830214A4CD900D3EC63 /* StateViewController.m */,
			);
			path = State;
			sourceTree = "<group>";
		};
		183F6810214A4B9E00D3EC63 /* Memento */ = {
			isa = PBXGroup;
			children = (
				183F682C214A4CB900D3EC63 /* MementoViewController.h */,
				183F682D214A4CB900D3EC63 /* MementoViewController.m */,
				183F69D1214F8EB100D3EC63 /* MementoRole.h */,
				183F69D2214F8EB100D3EC63 /* MementoRole.m */,
				183F69D4214F8F8B00D3EC63 /* MementoStore.h */,
				183F69D5214F8F8B00D3EC63 /* MementoStore.m */,
				183F69D7214F903300D3EC63 /* MementoOriginator.h */,
				183F69D8214F903300D3EC63 /* MementoOriginator.m */,
			);
			path = Memento;
			sourceTree = "<group>";
		};
		183F6811214A4BA100D3EC63 /* Command */ = {
			isa = PBXGroup;
			children = (
				183F6829214A4C9A00D3EC63 /* CommandViewController.h */,
				183F682A214A4C9A00D3EC63 /* CommandViewController.m */,
				183F69D0214F85D300D3EC63 /* CommandProtocol.h */,
				183F69C7214F857A00D3EC63 /* DynamicCommand.h */,
				183F69C8214F857A00D3EC63 /* DynamicCommand.m */,
				183F69CA214F85A700D3EC63 /* CommandInvoker.h */,
				183F69CB214F85A700D3EC63 /* CommandInvoker.m */,
				183F69CD214F85C400D3EC63 /* CommandReceiver.h */,
				183F69CE214F85C400D3EC63 /* CommandReceiver.m */,
			);
			path = Command;
			sourceTree = "<group>";
		};
		183F6812214A4BA400D3EC63 /* ChainOfResponsibility */ = {
			isa = PBXGroup;
			children = (
				183F6826214A4C7B00D3EC63 /* ChainOfResponsibilityViewController.h */,
				183F6827214A4C7B00D3EC63 /* ChainOfResponsibilityViewController.m */,
				183F69B1214F4AF100D3EC63 /* BaseChain.h */,
				183F69B2214F4AF100D3EC63 /* BaseChain.m */,
				183F69B4214F4CC500D3EC63 /* JackChain.h */,
				183F69B5214F4CC500D3EC63 /* JackChain.m */,
				183F69B7214F4CD400D3EC63 /* RoseChain.h */,
				183F69B8214F4CD400D3EC63 /* RoseChain.m */,
			);
			path = ChainOfResponsibility;
			sourceTree = "<group>";
		};
		183F6813214A4BA700D3EC63 /* Iterator */ = {
			isa = PBXGroup;
			children = (
				183F6820214A4C3800D3EC63 /* IteratorViewController.h */,
				183F6821214A4C3800D3EC63 /* IteratorViewController.m */,
				183F69A9214F3B8800D3EC63 /* SiteAggregrateProtocol.h */,
				183F69A6214F3B6200D3EC63 /* SiteAggregrate.h */,
				183F69A7214F3B6200D3EC63 /* SiteAggregrate.m */,
				183F69AD214F3F2800D3EC63 /* TicketIteratorProtocol.h */,
				183F69AA214F3F1900D3EC63 /* TicketIterator.h */,
				183F69AB214F3F1900D3EC63 /* TicketIterator.m */,
				183F69AE214F403400D3EC63 /* StudentTicketIterator.h */,
				183F69AF214F403400D3EC63 /* StudentTicketIterator.m */,
			);
			path = Iterator;
			sourceTree = "<group>";
		};
		183F6814214A4BAB00D3EC63 /* Observer */ = {
			isa = PBXGroup;
			children = (
				183F681D214A4C1A00D3EC63 /* ObserverViewController.h */,
				183F681E214A4C1A00D3EC63 /* ObserverViewController.m */,
				183F6997214EB6F100D3EC63 /* DeliciousFood.h */,
				183F6998214EB6F100D3EC63 /* DeliciousFood.m */,
			);
			path = Observer;
			sourceTree = "<group>";
		};
		183F6815214A4BAD00D3EC63 /* TemplateMethod */ = {
			isa = PBXGroup;
			children = (
				183F681A214A4BE100D3EC63 /* TemplateMethodViewController.h */,
				183F681B214A4BE100D3EC63 /* TemplateMethodViewController.m */,
				183F6991214EB12200D3EC63 /* GetUpBed.h */,
				183F6992214EB12300D3EC63 /* GetUpBed.m */,
				183F6994214EB29D00D3EC63 /* JackGetUpBed.h */,
				183F6995214EB29D00D3EC63 /* JackGetUpBed.m */,
			);
			path = TemplateMethod;
			sourceTree = "<group>";
		};
		183F6816214A4BB000D3EC63 /* Strategy */ = {
			isa = PBXGroup;
			children = (
				183F6817214A4BBE00D3EC63 /* StrategyViewController.h */,
				183F6818214A4BBE00D3EC63 /* StrategyViewController.m */,
				183F6988214EA77D00D3EC63 /* Algorithm */,
			);
			path = Strategy;
			sourceTree = "<group>";
		};
		183F6838214A4D3F00D3EC63 /* Interpreter */ = {
			isa = PBXGroup;
			children = (
				183F6839214A4D6200D3EC63 /* InterpreterViewController.h */,
				183F683A214A4D6200D3EC63 /* InterpreterViewController.m */,
				183F69C3214F54A700D3EC63 /* ExpressionProtocol.h */,
				183F69BA214F547700D3EC63 /* FinalExpression.h */,
				183F69BB214F547700D3EC63 /* FinalExpression.m */,
				183F69BD214F548400D3EC63 /* NotFinalExpression.h */,
				183F69BE214F548400D3EC63 /* NotFinalExpression.m */,
				183F69C0214F549400D3EC63 /* Context.h */,
				183F69C1214F549400D3EC63 /* Context.m */,
			);
			path = Interpreter;
			sourceTree = "<group>";
		};
		183F683D214A65AC00D3EC63 /* SimpleCode */ = {
			isa = PBXGroup;
			children = (
				183F6851214A6FD500D3EC63 /* FlagProtocol.h */,
				183F6841214A668200D3EC63 /* FlagFactoryProtocol.h */,
				183F6845214A680700D3EC63 /* ChinaFlag.h */,
				183F6846214A680700D3EC63 /* ChinaFlag.m */,
				183F684B214A694700D3EC63 /* ChinaFlagFactory.h */,
				183F684C214A694700D3EC63 /* ChinaFlagFactory.m */,
				183F6848214A682000D3EC63 /* AmericanFlag.h */,
				183F6849214A682000D3EC63 /* AmericanFlag.m */,
				183F684E214A695E00D3EC63 /* AmericanFlagFactory.h */,
				183F684F214A695E00D3EC63 /* AmericanFlagFactory.m */,
				183F6852214A71EF00D3EC63 /* Flag.h */,
				183F6853214A71EF00D3EC63 /* Flag.m */,
			);
			path = SimpleCode;
			sourceTree = "<group>";
		};
		183F685B214B4F4900D3EC63 /* Apple */ = {
			isa = PBXGroup;
			children = (
				183F6864214B506E00D3EC63 /* Phone */,
				183F6861214B500600D3EC63 /* Battery */,
				183F6869214B50CB00D3EC63 /* AppleFactory.h */,
				183F686A214B50CB00D3EC63 /* AppleFactory.m */,
			);
			path = Apple;
			sourceTree = "<group>";
		};
		183F685C214B4F5700D3EC63 /* Huawei */ = {
			isa = PBXGroup;
			children = (
				183F6863214B506000D3EC63 /* Phone */,
				183F6862214B503200D3EC63 /* Battery */,
				183F6866214B50B100D3EC63 /* HuaweiFactory.h */,
				183F6867214B50B100D3EC63 /* HuaweiFactory.m */,
			);
			path = Huawei;
			sourceTree = "<group>";
		};
		183F6861214B500600D3EC63 /* Battery */ = {
			isa = PBXGroup;
			children = (
				183F6871214B516200D3EC63 /* AppleBattery.h */,
				183F6872214B516200D3EC63 /* AppleBattery.m */,
			);
			path = Battery;
			sourceTree = "<group>";
		};
		183F6862214B503200D3EC63 /* Battery */ = {
			isa = PBXGroup;
			children = (
				183F686E214B514F00D3EC63 /* HuaweiBattery.h */,
				183F686F214B514F00D3EC63 /* HuaweiBattery.m */,
			);
			path = Battery;
			sourceTree = "<group>";
		};
		183F6863214B506000D3EC63 /* Phone */ = {
			isa = PBXGroup;
			children = (
				183F6858214B4F0600D3EC63 /* HuaweiPhone.h */,
				183F6859214B4F0600D3EC63 /* HuaweiPhone.m */,
			);
			path = Phone;
			sourceTree = "<group>";
		};
		183F6864214B506E00D3EC63 /* Phone */ = {
			isa = PBXGroup;
			children = (
				183F6855214B4EF100D3EC63 /* ApplePhone.h */,
				183F6856214B4EF100D3EC63 /* ApplePhone.m */,
			);
			path = Phone;
			sourceTree = "<group>";
		};
		183F6876214B52FB00D3EC63 /* Base */ = {
			isa = PBXGroup;
			children = (
				183F6877214B533500D3EC63 /* Phone */,
				183F6878214B534100D3EC63 /* Battery */,
				183F687B214B53D700D3EC63 /* PhoneFactoryProtocol.h */,
			);
			path = Base;
			sourceTree = "<group>";
		};
		183F6877214B533500D3EC63 /* Phone */ = {
			isa = PBXGroup;
			children = (
				183F6879214B539F00D3EC63 /* PhoneProtocol.h */,
			);
			path = Phone;
			sourceTree = "<group>";
		};
		183F6878214B534100D3EC63 /* Battery */ = {
			isa = PBXGroup;
			children = (
				183F687A214B53AE00D3EC63 /* BatteryProtocol.h */,
			);
			path = Battery;
			sourceTree = "<group>";
		};
		183F692F214CFF0900D3EC63 /* SimpleCode */ = {
			isa = PBXGroup;
			children = (
				183F6937214D008000D3EC63 /* AdapterProtocol.h */,
				183F6934214D004000D3EC63 /* Adapter.h */,
				183F6935214D004000D3EC63 /* Adapter.m */,
				183F6931214CFFC700D3EC63 /* BaseAdapter.h */,
				183F6932214CFFC700D3EC63 /* BaseAdapter.m */,
			);
			path = SimpleCode;
			sourceTree = "<group>";
		};
		183F6930214CFF1B00D3EC63 /* TableViewDataSource */ = {
			isa = PBXGroup;
			children = (
				183F6938214D01A300D3EC63 /* BaseTableViewDataSource.h */,
				183F6939214D01A300D3EC63 /* BaseTableViewDataSource.m */,
				183F693B214D024700D3EC63 /* TableViewDataSource.h */,
				183F693C214D024800D3EC63 /* TableViewDataSource.m */,
			);
			path = TableViewDataSource;
			sourceTree = "<group>";
		};
		183F694B214D450800D3EC63 /* SimpleCode */ = {
			isa = PBXGroup;
			children = (
				183F694F214D468C00D3EC63 /* ProTeacherProtocol.h */,
				183F694C214D467C00D3EC63 /* ProTeacher.h */,
				183F694D214D467C00D3EC63 /* ProTeacher.m */,
				183F6950214D476B00D3EC63 /* ProTeacherA.h */,
				183F6951214D476C00D3EC63 /* ProTeacherA.m */,
			);
			path = SimpleCode;
			sourceTree = "<group>";
		};
		183F6953214D508300D3EC63 /* SimpleCode */ = {
			isa = PBXGroup;
			children = (
				183F6954214D50A900D3EC63 /* CookingManager.h */,
				183F6955214D50A900D3EC63 /* CookingManager.m */,
				183F6957214D50CA00D3EC63 /* Tableware.h */,
				183F6958214D50CA00D3EC63 /* Tableware.m */,
				183F695A214D50E300D3EC63 /* Food.h */,
				183F695B214D50E300D3EC63 /* Food.m */,
			);
			path = SimpleCode;
			sourceTree = "<group>";
		};
		183F6963214D5C7300D3EC63 /* TeaSize */ = {
			isa = PBXGroup;
			children = (
				183F6964214D5C9700D3EC63 /* BigCupTea.h */,
				183F6965214D5C9700D3EC63 /* BigCupTea.m */,
				183F6967214D5CBD00D3EC63 /* MediumCupTea.h */,
				183F6968214D5CBD00D3EC63 /* MediumCupTea.m */,
				183F696A214D5CCF00D3EC63 /* SmallMilkTea.h */,
				183F696B214D5CCF00D3EC63 /* SmallMilkTea.m */,
			);
			path = TeaSize;
			sourceTree = "<group>";
		};
		183F696D214D5D8600D3EC63 /* MilkAdds */ = {
			isa = PBXGroup;
			children = (
				183F696E214D5DAC00D3EC63 /* IceAdds.h */,
				183F696F214D5DAC00D3EC63 /* IceAdds.m */,
				183F6971214D5DCF00D3EC63 /* SugarAdds.h */,
				183F6972214D5DCF00D3EC63 /* SugarAdds.m */,
			);
			path = MilkAdds;
			sourceTree = "<group>";
		};
		183F6988214EA77D00D3EC63 /* Algorithm */ = {
			isa = PBXGroup;
			children = (
				183F698D214EA7E600D3EC63 /* AlgorithmProtocol.h */,
				183F698A214EA7C400D3EC63 /* DESEncryption.h */,
				183F698B214EA7C400D3EC63 /* DESEncryption.m */,
				183F698E214EA82B00D3EC63 /* RSAEncryption.h */,
				183F698F214EA82B00D3EC63 /* RSAEncryption.m */,
			);
			path = Algorithm;
			sourceTree = "<group>";
		};
/* End PBXGroup section */

/* Begin PBXNativeTarget section */
		183F67A2214A33C100D3EC63 /* iOSDesignPatterns */ = {
			isa = PBXNativeTarget;
			buildConfigurationList = 183F67CF214A33C400D3EC63 /* Build configuration list for PBXNativeTarget "iOSDesignPatterns" */;
			buildPhases = (
				183F679F214A33C100D3EC63 /* Sources */,
				183F67A0214A33C100D3EC63 /* Frameworks */,
				183F67A1214A33C100D3EC63 /* Resources */,
			);
			buildRules = (
			);
			dependencies = (
			);
			name = iOSDesignPatterns;
			productName = iOSDesignPatterns;
			productReference = 183F67A3214A33C100D3EC63 /* iOSDesignPatterns.app */;
			productType = "com.apple.product-type.application";
		};
		183F67BA214A33C400D3EC63 /* iOSDesignPatternsTests */ = {
			isa = PBXNativeTarget;
			buildConfigurationList = 183F67D2214A33C400D3EC63 /* Build configuration list for PBXNativeTarget "iOSDesignPatternsTests" */;
			buildPhases = (
				183F67B7214A33C400D3EC63 /* Sources */,
				183F67B8214A33C400D3EC63 /* Frameworks */,
				183F67B9214A33C400D3EC63 /* Resources */,
			);
			buildRules = (
			);
			dependencies = (
				183F67BD214A33C400D3EC63 /* PBXTargetDependency */,
			);
			name = iOSDesignPatternsTests;
			productName = iOSDesignPatternsTests;
			productReference = 183F67BB214A33C400D3EC63 /* iOSDesignPatternsTests.xctest */;
			productType = "com.apple.product-type.bundle.unit-test";
		};
		183F67C5214A33C400D3EC63 /* iOSDesignPatternsUITests */ = {
			isa = PBXNativeTarget;
			buildConfigurationList = 183F67D5214A33C400D3EC63 /* Build configuration list for PBXNativeTarget "iOSDesignPatternsUITests" */;
			buildPhases = (
				183F67C2214A33C400D3EC63 /* Sources */,
				183F67C3214A33C400D3EC63 /* Frameworks */,
				183F67C4214A33C400D3EC63 /* Resources */,
			);
			buildRules = (
			);
			dependencies = (
				183F67C8214A33C400D3EC63 /* PBXTargetDependency */,
			);
			name = iOSDesignPatternsUITests;
			productName = iOSDesignPatternsUITests;
			productReference = 183F67C6214A33C400D3EC63 /* iOSDesignPatternsUITests.xctest */;
			productType = "com.apple.product-type.bundle.ui-testing";
		};
/* End PBXNativeTarget section */

/* Begin PBXProject section */
		183F679B214A33C100D3EC63 /* Project object */ = {
			isa = PBXProject;
			attributes = {
				LastUpgradeCheck = 0940;
				ORGANIZATIONNAME = personal;
				TargetAttributes = {
					183F67A2214A33C100D3EC63 = {
						CreatedOnToolsVersion = 9.4.1;
					};
					183F67BA214A33C400D3EC63 = {
						CreatedOnToolsVersion = 9.4.1;
						TestTargetID = 183F67A2214A33C100D3EC63;
					};
					183F67C5214A33C400D3EC63 = {
						CreatedOnToolsVersion = 9.4.1;
						TestTargetID = 183F67A2214A33C100D3EC63;
					};
				};
			};
			buildConfigurationList = 183F679E214A33C100D3EC63 /* Build configuration list for PBXProject "iOSDesignPatterns" */;
			compatibilityVersion = "Xcode 9.3";
			developmentRegion = en;
			hasScannedForEncodings = 0;
			knownRegions = (
				en,
				Base,
			);
			mainGroup = 183F679A214A33C100D3EC63;
			productRefGroup = 183F67A4214A33C100D3EC63 /* Products */;
			projectDirPath = "";
			projectRoot = "";
			targets = (
				183F67A2214A33C100D3EC63 /* iOSDesignPatterns */,
				183F67BA214A33C400D3EC63 /* iOSDesignPatternsTests */,
				183F67C5214A33C400D3EC63 /* iOSDesignPatternsUITests */,
			);
		};
/* End PBXProject section */

/* Begin PBXResourcesBuildPhase section */
		183F67A1214A33C100D3EC63 /* Resources */ = {
			isa = PBXResourcesBuildPhase;
			buildActionMask = 2147483647;
			files = (
				183F67B3214A33C300D3EC63 /* LaunchScreen.storyboard in Resources */,
				183F67B0214A33C300D3EC63 /* Assets.xcassets in Resources */,
				183F67AE214A33C100D3EC63 /* Main.storyboard in Resources */,
			);
			runOnlyForDeploymentPostprocessing = 0;
		};
		183F67B9214A33C400D3EC63 /* Resources */ = {
			isa = PBXResourcesBuildPhase;
			buildActionMask = 2147483647;
			files = (
			);
			runOnlyForDeploymentPostprocessing = 0;
		};
		183F67C4214A33C400D3EC63 /* Resources */ = {
			isa = PBXResourcesBuildPhase;
			buildActionMask = 2147483647;
			files = (
			);
			runOnlyForDeploymentPostprocessing = 0;
		};
/* End PBXResourcesBuildPhase section */

/* Begin PBXSourcesBuildPhase section */
		183F679F214A33C100D3EC63 /* Sources */ = {
			isa = PBXSourcesBuildPhase;
			buildActionMask = 2147483647;
			files = (
				183F6987214E988700D3EC63 /* ComputerFactory.m in Sources */,
				183F6936214D004000D3EC63 /* Adapter.m in Sources */,
				183F695C214D50E300D3EC63 /* Food.m in Sources */,
				183F6892214B8CBC00D3EC63 /* Wine.m in Sources */,
				183F6873214B516200D3EC63 /* AppleBattery.m in Sources */,
				183F6822214A4C3800D3EC63 /* IteratorViewController.m in Sources */,
				183F6834214A4CF500D3EC63 /* VisitorViewController.m in Sources */,
				183F69D9214F903300D3EC63 /* MementoOriginator.m in Sources */,
				183F6996214EB29D00D3EC63 /* JackGetUpBed.m in Sources */,
				183F67FD214A4A5000D3EC63 /* DecratorViewController.m in Sources */,
				183F6854214A71EF00D3EC63 /* Flag.m in Sources */,
				183F67F1214A496700D3EC63 /* SingletonViewController.m in Sources */,
				183F694E214D467C00D3EC63 /* ProTeacher.m in Sources */,
				183F6898214B8DB300D3EC63 /* Brandy.m in Sources */,
				183F69B6214F4CC500D3EC63 /* JackChain.m in Sources */,
				183F693A214D01A300D3EC63 /* BaseTableViewDataSource.m in Sources */,
				183F6966214D5C9700D3EC63 /* BigCupTea.m in Sources */,
				183F6940214D0F1400D3EC63 /* StaticPhone.m in Sources */,
				183F6831214A4CD900D3EC63 /* StateViewController.m in Sources */,
				183F67F7214A499500D3EC63 /* PrototypeViewController.m in Sources */,
				183F6806214A4AD100D3EC63 /* BridgeViewController.m in Sources */,
				183F69BF214F548400D3EC63 /* NotFinalExpression.m in Sources */,
				183F69D3214F8EB100D3EC63 /* MementoRole.m in Sources */,
				183F6973214D5DCF00D3EC63 /* SugarAdds.m in Sources */,
				183F6870214B514F00D3EC63 /* HuaweiBattery.m in Sources */,
				183F683B214A4D6200D3EC63 /* InterpreterViewController.m in Sources */,
				183F69CF214F85C400D3EC63 /* CommandReceiver.m in Sources */,
				183F698C214EA7C400D3EC63 /* DESEncryption.m in Sources */,
				183F680C214A4B3C00D3EC63 /* FlyweightViewController.m in Sources */,
				183F684D214A694700D3EC63 /* ChinaFlagFactory.m in Sources */,
				183F6819214A4BBE00D3EC63 /* StrategyViewController.m in Sources */,
				183F681F214A4C1A00D3EC63 /* ObserverViewController.m in Sources */,
				183F689F214B985100D3EC63 /* Person.m in Sources */,
				183F6809214A4B0300D3EC63 /* CompositeViewController.m in Sources */,
				183F67FA214A4A2D00D3EC63 /* AdapterViewController.m in Sources */,
				183F6976214E861D00D3EC63 /* HumanSqliteDB.m in Sources */,
				183F6990214EA82B00D3EC63 /* RSAEncryption.m in Sources */,
				183F6803214A4A9B00D3EC63 /* FacadeViewController.m in Sources */,
				183F69B0214F403400D3EC63 /* StudentTicketIterator.m in Sources */,
				183F6947214D112D00D3EC63 /* DecApplePhone.m in Sources */,
				183F684A214A682000D3EC63 /* AmericanFlag.m in Sources */,
				183F694A214D144700D3EC63 /* DecPhone.m in Sources */,
				183F6828214A4C7B00D3EC63 /* ChainOfResponsibilityViewController.m in Sources */,
				183F695F214D5B3300D3EC63 /* MilkTea.m in Sources */,
				183F69AC214F3F1900D3EC63 /* TicketIterator.m in Sources */,
				183F69CC214F85A700D3EC63 /* CommandInvoker.m in Sources */,
				183F697D214E8A9300D3EC63 /* JackDB.m in Sources */,
				183F685A214B4F0600D3EC63 /* HuaweiPhone.m in Sources */,
				183F6800214A4A6C00D3EC63 /* ProxyViewController.m in Sources */,
				183F693D214D024800D3EC63 /* TableViewDataSource.m in Sources */,
				183F686B214B50CB00D3EC63 /* AppleFactory.m in Sources */,
				183F6962214D5B7E00D3EC63 /* MilkTeaAdds.m in Sources */,
				183F6857214B4EF100D3EC63 /* ApplePhone.m in Sources */,
				183F6895214B8D8400D3EC63 /* Whisky.m in Sources */,
				183F6952214D476C00D3EC63 /* ProTeacherA.m in Sources */,
				183F69B9214F4CD400D3EC63 /* RoseChain.m in Sources */,
				183F6969214D5CBD00D3EC63 /* MediumCupTea.m in Sources */,
				183F6983214E95CF00D3EC63 /* Computer.m in Sources */,
				183F689C214B8DF800D3EC63 /* SellWine.m in Sources */,
				183F6868214B50B100D3EC63 /* HuaweiFactory.m in Sources */,
				183F69C2214F549400D3EC63 /* Context.m in Sources */,
				183F6970214D5DAC00D3EC63 /* IceAdds.m in Sources */,
				183F67F4214A497F00D3EC63 /* BuilderViewController.m in Sources */,
				183F67EB214A491A00D3EC63 /* FactoryMethodViewController.m in Sources */,
				183F69A8214F3B6200D3EC63 /* SiteAggregrate.m in Sources */,
				183F6956214D50A900D3EC63 /* CookingManager.m in Sources */,
				183F69B3214F4AF100D3EC63 /* BaseChain.m in Sources */,
				183F69C9214F857A00D3EC63 /* DynamicCommand.m in Sources */,
				183F681C214A4BE100D3EC63 /* TemplateMethodViewController.m in Sources */,
				183F6980214E8AA000D3EC63 /* RoseDB.m in Sources */,
				183F6837214A4D1E00D3EC63 /* MediatorViewController.m in Sources */,
				183F682E214A4CB900D3EC63 /* MementoViewController.m in Sources */,
				183F696C214D5CCF00D3EC63 /* SmallMilkTea.m in Sources */,
				183F67AB214A33C100D3EC63 /* ViewController.m in Sources */,
				183F6933214CFFC700D3EC63 /* BaseAdapter.m in Sources */,
				183F67B6214A33C300D3EC63 /* main.m in Sources */,
				183F69D6214F8F8B00D3EC63 /* MementoStore.m in Sources */,
				183F682B214A4C9A00D3EC63 /* CommandViewController.m in Sources */,
				183F6959214D50CA00D3EC63 /* Tableware.m in Sources */,
				183F6999214EB6F100D3EC63 /* DeliciousFood.m in Sources */,
				183F69BC214F547700D3EC63 /* FinalExpression.m in Sources */,
				183F6979214E863600D3EC63 /* AnimalSqliteDB.m in Sources */,
				183F68A3214BA44300D3EC63 /* Human.m in Sources */,
				183F67EE214A494100D3EC63 /* AbstractFactoryViewController.m in Sources */,
				183F6850214A695E00D3EC63 /* AmericanFlagFactory.m in Sources */,
				183F6944214D111500D3EC63 /* DecHuweiPhone.m in Sources */,
				183F6993214EB12300D3EC63 /* GetUpBed.m in Sources */,
				183F67A8214A33C100D3EC63 /* AppDelegate.m in Sources */,
				183F6847214A680700D3EC63 /* ChinaFlag.m in Sources */,
			);
			runOnlyForDeploymentPostprocessing = 0;
		};
		183F67B7214A33C400D3EC63 /* Sources */ = {
			isa = PBXSourcesBuildPhase;
			buildActionMask = 2147483647;
			files = (
				183F67C0214A33C400D3EC63 /* iOSDesignPatternsTests.m in Sources */,
			);
			runOnlyForDeploymentPostprocessing = 0;
		};
		183F67C2214A33C400D3EC63 /* Sources */ = {
			isa = PBXSourcesBuildPhase;
			buildActionMask = 2147483647;
			files = (
				183F67CB214A33C400D3EC63 /* iOSDesignPatternsUITests.m in Sources */,
			);
			runOnlyForDeploymentPostprocessing = 0;
		};
/* End PBXSourcesBuildPhase section */

/* Begin PBXTargetDependency section */
		183F67BD214A33C400D3EC63 /* PBXTargetDependency */ = {
			isa = PBXTargetDependency;
			target = 183F67A2214A33C100D3EC63 /* iOSDesignPatterns */;
			targetProxy = 183F67BC214A33C400D3EC63 /* PBXContainerItemProxy */;
		};
		183F67C8214A33C400D3EC63 /* PBXTargetDependency */ = {
			isa = PBXTargetDependency;
			target = 183F67A2214A33C100D3EC63 /* iOSDesignPatterns */;
			targetProxy = 183F67C7214A33C400D3EC63 /* PBXContainerItemProxy */;
		};
/* End PBXTargetDependency section */

/* Begin PBXVariantGroup section */
		183F67AC214A33C100D3EC63 /* Main.storyboard */ = {
			isa = PBXVariantGroup;
			children = (
				183F67AD214A33C100D3EC63 /* Base */,
			);
			name = Main.storyboard;
			sourceTree = "<group>";
		};
		183F67B1214A33C300D3EC63 /* LaunchScreen.storyboard */ = {
			isa = PBXVariantGroup;
			children = (
				183F67B2214A33C300D3EC63 /* Base */,
			);
			name = LaunchScreen.storyboard;
			sourceTree = "<group>";
		};
/* End PBXVariantGroup section */

/* Begin XCBuildConfiguration section */
		183F67CD214A33C400D3EC63 /* Debug */ = {
			isa = XCBuildConfiguration;
			buildSettings = {
				ALWAYS_SEARCH_USER_PATHS = NO;
				CLANG_ANALYZER_NONNULL = YES;
				CLANG_ANALYZER_NUMBER_OBJECT_CONVERSION = YES_AGGRESSIVE;
				CLANG_CXX_LANGUAGE_STANDARD = "gnu++14";
				CLANG_CXX_LIBRARY = "libc++";
				CLANG_ENABLE_MODULES = YES;
				CLANG_ENABLE_OBJC_ARC = YES;
				CLANG_ENABLE_OBJC_WEAK = YES;
				CLANG_WARN_BLOCK_CAPTURE_AUTORELEASING = YES;
				CLANG_WARN_BOOL_CONVERSION = YES;
				CLANG_WARN_COMMA = YES;
				CLANG_WARN_CONSTANT_CONVERSION = YES;
				CLANG_WARN_DEPRECATED_OBJC_IMPLEMENTATIONS = YES;
				CLANG_WARN_DIRECT_OBJC_ISA_USAGE = YES_ERROR;
				CLANG_WARN_DOCUMENTATION_COMMENTS = YES;
				CLANG_WARN_EMPTY_BODY = YES;
				CLANG_WARN_ENUM_CONVERSION = YES;
				CLANG_WARN_INFINITE_RECURSION = YES;
				CLANG_WARN_INT_CONVERSION = YES;
				CLANG_WARN_NON_LITERAL_NULL_CONVERSION = YES;
				CLANG_WARN_OBJC_IMPLICIT_RETAIN_SELF = YES;
				CLANG_WARN_OBJC_LITERAL_CONVERSION = YES;
				CLANG_WARN_OBJC_ROOT_CLASS = YES_ERROR;
				CLANG_WARN_RANGE_LOOP_ANALYSIS = YES;
				CLANG_WARN_STRICT_PROTOTYPES = YES;
				CLANG_WARN_SUSPICIOUS_MOVE = YES;
				CLANG_WARN_UNGUARDED_AVAILABILITY = YES_AGGRESSIVE;
				CLANG_WARN_UNREACHABLE_CODE = YES;
				CLANG_WARN__DUPLICATE_METHOD_MATCH = YES;
				CODE_SIGN_IDENTITY = "iPhone Developer";
				COPY_PHASE_STRIP = NO;
				DEBUG_INFORMATION_FORMAT = dwarf;
				ENABLE_STRICT_OBJC_MSGSEND = YES;
				ENABLE_TESTABILITY = YES;
				GCC_C_LANGUAGE_STANDARD = gnu11;
				GCC_DYNAMIC_NO_PIC = NO;
				GCC_NO_COMMON_BLOCKS = YES;
				GCC_OPTIMIZATION_LEVEL = 0;
				GCC_PREPROCESSOR_DEFINITIONS = (
					"DEBUG=1",
					"$(inherited)",
				);
				GCC_WARN_64_TO_32_BIT_CONVERSION = YES;
				GCC_WARN_ABOUT_RETURN_TYPE = YES_ERROR;
				GCC_WARN_UNDECLARED_SELECTOR = YES;
				GCC_WARN_UNINITIALIZED_AUTOS = YES_AGGRESSIVE;
				GCC_WARN_UNUSED_FUNCTION = YES;
				GCC_WARN_UNUSED_VARIABLE = YES;
				IPHONEOS_DEPLOYMENT_TARGET = 11.4;
				MTL_ENABLE_DEBUG_INFO = YES;
				ONLY_ACTIVE_ARCH = YES;
				SDKROOT = iphoneos;
			};
			name = Debug;
		};
		183F67CE214A33C400D3EC63 /* Release */ = {
			isa = XCBuildConfiguration;
			buildSettings = {
				ALWAYS_SEARCH_USER_PATHS = NO;
				CLANG_ANALYZER_NONNULL = YES;
				CLANG_ANALYZER_NUMBER_OBJECT_CONVERSION = YES_AGGRESSIVE;
				CLANG_CXX_LANGUAGE_STANDARD = "gnu++14";
				CLANG_CXX_LIBRARY = "libc++";
				CLANG_ENABLE_MODULES = YES;
				CLANG_ENABLE_OBJC_ARC = YES;
				CLANG_ENABLE_OBJC_WEAK = YES;
				CLANG_WARN_BLOCK_CAPTURE_AUTORELEASING = YES;
				CLANG_WARN_BOOL_CONVERSION = YES;
				CLANG_WARN_COMMA = YES;
				CLANG_WARN_CONSTANT_CONVERSION = YES;
				CLANG_WARN_DEPRECATED_OBJC_IMPLEMENTATIONS = YES;
				CLANG_WARN_DIRECT_OBJC_ISA_USAGE = YES_ERROR;
				CLANG_WARN_DOCUMENTATION_COMMENTS = YES;
				CLANG_WARN_EMPTY_BODY = YES;
				CLANG_WARN_ENUM_CONVERSION = YES;
				CLANG_WARN_INFINITE_RECURSION = YES;
				CLANG_WARN_INT_CONVERSION = YES;
				CLANG_WARN_NON_LITERAL_NULL_CONVERSION = YES;
				CLANG_WARN_OBJC_IMPLICIT_RETAIN_SELF = YES;
				CLANG_WARN_OBJC_LITERAL_CONVERSION = YES;
				CLANG_WARN_OBJC_ROOT_CLASS = YES_ERROR;
				CLANG_WARN_RANGE_LOOP_ANALYSIS = YES;
				CLANG_WARN_STRICT_PROTOTYPES = YES;
				CLANG_WARN_SUSPICIOUS_MOVE = YES;
				CLANG_WARN_UNGUARDED_AVAILABILITY = YES_AGGRESSIVE;
				CLANG_WARN_UNREACHABLE_CODE = YES;
				CLANG_WARN__DUPLICATE_METHOD_MATCH = YES;
				CODE_SIGN_IDENTITY = "iPhone Developer";
				COPY_PHASE_STRIP = NO;
				DEBUG_INFORMATION_FORMAT = "dwarf-with-dsym";
				ENABLE_NS_ASSERTIONS = NO;
				ENABLE_STRICT_OBJC_MSGSEND = YES;
				GCC_C_LANGUAGE_STANDARD = gnu11;
				GCC_NO_COMMON_BLOCKS = YES;
				GCC_WARN_64_TO_32_BIT_CONVERSION = YES;
				GCC_WARN_ABOUT_RETURN_TYPE = YES_ERROR;
				GCC_WARN_UNDECLARED_SELECTOR = YES;
				GCC_WARN_UNINITIALIZED_AUTOS = YES_AGGRESSIVE;
				GCC_WARN_UNUSED_FUNCTION = YES;
				GCC_WARN_UNUSED_VARIABLE = YES;
				IPHONEOS_DEPLOYMENT_TARGET = 11.4;
				MTL_ENABLE_DEBUG_INFO = NO;
				SDKROOT = iphoneos;
				VALIDATE_PRODUCT = YES;
			};
			name = Release;
		};
		183F67D0214A33C400D3EC63 /* Debug */ = {
			isa = XCBuildConfiguration;
			buildSettings = {
				ASSETCATALOG_COMPILER_APPICON_NAME = AppIcon;
				CODE_SIGN_STYLE = Automatic;
				INFOPLIST_FILE = iOSDesignPatterns/Info.plist;
				LD_RUNPATH_SEARCH_PATHS = (
					"$(inherited)",
					"@executable_path/Frameworks",
				);
				PRODUCT_BUNDLE_IDENTIFIER = huozhiyu.iOSDesignPatterns;
				PRODUCT_NAME = "$(TARGET_NAME)";
				TARGETED_DEVICE_FAMILY = "1,2";
			};
			name = Debug;
		};
		183F67D1214A33C400D3EC63 /* Release */ = {
			isa = XCBuildConfiguration;
			buildSettings = {
				ASSETCATALOG_COMPILER_APPICON_NAME = AppIcon;
				CODE_SIGN_STYLE = Automatic;
				INFOPLIST_FILE = iOSDesignPatterns/Info.plist;
				LD_RUNPATH_SEARCH_PATHS = (
					"$(inherited)",
					"@executable_path/Frameworks",
				);
				PRODUCT_BUNDLE_IDENTIFIER = huozhiyu.iOSDesignPatterns;
				PRODUCT_NAME = "$(TARGET_NAME)";
				TARGETED_DEVICE_FAMILY = "1,2";
			};
			name = Release;
		};
		183F67D3214A33C400D3EC63 /* Debug */ = {
			isa = XCBuildConfiguration;
			buildSettings = {
				BUNDLE_LOADER = "$(TEST_HOST)";
				CODE_SIGN_STYLE = Automatic;
				INFOPLIST_FILE = iOSDesignPatternsTests/Info.plist;
				LD_RUNPATH_SEARCH_PATHS = (
					"$(inherited)",
					"@executable_path/Frameworks",
					"@loader_path/Frameworks",
				);
				PRODUCT_BUNDLE_IDENTIFIER = huozhiyu.iOSDesignPatternsTests;
				PRODUCT_NAME = "$(TARGET_NAME)";
				TARGETED_DEVICE_FAMILY = "1,2";
				TEST_HOST = "$(BUILT_PRODUCTS_DIR)/iOSDesignPatterns.app/iOSDesignPatterns";
			};
			name = Debug;
		};
		183F67D4214A33C400D3EC63 /* Release */ = {
			isa = XCBuildConfiguration;
			buildSettings = {
				BUNDLE_LOADER = "$(TEST_HOST)";
				CODE_SIGN_STYLE = Automatic;
				INFOPLIST_FILE = iOSDesignPatternsTests/Info.plist;
				LD_RUNPATH_SEARCH_PATHS = (
					"$(inherited)",
					"@executable_path/Frameworks",
					"@loader_path/Frameworks",
				);
				PRODUCT_BUNDLE_IDENTIFIER = huozhiyu.iOSDesignPatternsTests;
				PRODUCT_NAME = "$(TARGET_NAME)";
				TARGETED_DEVICE_FAMILY = "1,2";
				TEST_HOST = "$(BUILT_PRODUCTS_DIR)/iOSDesignPatterns.app/iOSDesignPatterns";
			};
			name = Release;
		};
		183F67D6214A33C400D3EC63 /* Debug */ = {
			isa = XCBuildConfiguration;
			buildSettings = {
				CODE_SIGN_STYLE = Automatic;
				INFOPLIST_FILE = iOSDesignPatternsUITests/Info.plist;
				LD_RUNPATH_SEARCH_PATHS = (
					"$(inherited)",
					"@executable_path/Frameworks",
					"@loader_path/Frameworks",
				);
				PRODUCT_BUNDLE_IDENTIFIER = huozhiyu.iOSDesignPatternsUITests;
				PRODUCT_NAME = "$(TARGET_NAME)";
				TARGETED_DEVICE_FAMILY = "1,2";
				TEST_TARGET_NAME = iOSDesignPatterns;
			};
			name = Debug;
		};
		183F67D7214A33C400D3EC63 /* Release */ = {
			isa = XCBuildConfiguration;
			buildSettings = {
				CODE_SIGN_STYLE = Automatic;
				INFOPLIST_FILE = iOSDesignPatternsUITests/Info.plist;
				LD_RUNPATH_SEARCH_PATHS = (
					"$(inherited)",
					"@executable_path/Frameworks",
					"@loader_path/Frameworks",
				);
				PRODUCT_BUNDLE_IDENTIFIER = huozhiyu.iOSDesignPatternsUITests;
				PRODUCT_NAME = "$(TARGET_NAME)";
				TARGETED_DEVICE_FAMILY = "1,2";
				TEST_TARGET_NAME = iOSDesignPatterns;
			};
			name = Release;
		};
/* End XCBuildConfiguration section */

/* Begin XCConfigurationList section */
		183F679E214A33C100D3EC63 /* Build configuration list for PBXProject "iOSDesignPatterns" */ = {
			isa = XCConfigurationList;
			buildConfigurations = (
				183F67CD214A33C400D3EC63 /* Debug */,
				183F67CE214A33C400D3EC63 /* Release */,
			);
			defaultConfigurationIsVisible = 0;
			defaultConfigurationName = Release;
		};
		183F67CF214A33C400D3EC63 /* Build configuration list for PBXNativeTarget "iOSDesignPatterns" */ = {
			isa = XCConfigurationList;
			buildConfigurations = (
				183F67D0214A33C400D3EC63 /* Debug */,
				183F67D1214A33C400D3EC63 /* Release */,
			);
			defaultConfigurationIsVisible = 0;
			defaultConfigurationName = Release;
		};
		183F67D2214A33C400D3EC63 /* Build configuration list for PBXNativeTarget "iOSDesignPatternsTests" */ = {
			isa = XCConfigurationList;
			buildConfigurations = (
				183F67D3214A33C400D3EC63 /* Debug */,
				183F67D4214A33C400D3EC63 /* Release */,
			);
			defaultConfigurationIsVisible = 0;
			defaultConfigurationName = Release;
		};
		183F67D5214A33C400D3EC63 /* Build configuration list for PBXNativeTarget "iOSDesignPatternsUITests" */ = {
			isa = XCConfigurationList;
			buildConfigurations = (
				183F67D6214A33C400D3EC63 /* Debug */,
				183F67D7214A33C400D3EC63 /* Release */,
			);
			defaultConfigurationIsVisible = 0;
			defaultConfigurationName = Release;
		};
/* End XCConfigurationList section */
	};
	rootObject = 183F679B214A33C100D3EC63 /* Project object */;
}
